
Microsoft Visual Studio Solution File, Format Version 12.00
# Visual Studio 2013
VisualStudioVersion = 12.0.31101.0
MinimumVisualStudioVersion = 10.0.40219.1
Project("{FAE04EC0-301F-11D3-BF4B-00C04F79EFBC}") = "PureLib", "Library\PureLib\PureLib.csproj", "{2F28AA04-316D-4C20-BF46-987D4A59691D}"
EndProject
Project("{2150E333-8FDC-42A3-9474-1A3956D46DE8}") = "Library", "Library", "{2C0B4D19-4D23-4793-8627-4E72FE94243F}"
EndProject
Project("{FAE04EC0-301F-11D3-BF4B-00C04F79EFBC}") = "Remoting", "Library\Remoting\Remoting.csproj", "{A4CFCE46-BDA8-4416-A1BB-77BD80514019}"
EndProject
Project("{FAE04EC0-301F-11D3-BF4B-00C04F79EFBC}") = "Database", "Library\Database\Database.csproj", "{E51E2098-C578-4637-807C-F67067A54535}"
EndProject
Project("{FAE04EC0-301F-11D3-BF4B-00C04F79EFBC}") = "RemotingStandalong", "Library\RemotingStandalong\RemotingStandalong.csproj", "{485F551D-9155-4982-B653-F8D4EAC2FCA1}"
EndProject
Project("{FAE04EC0-301F-11D3-BF4B-00C04F79EFBC}") = "RemotingNativeGhost", "Library\RemotingNativeGhost\RemotingNativeGhost.csproj", "{6CB4CDE6-4405-40E6-8BDF-5A2E9185CC04}"
EndProject
Project("{FAE04EC0-301F-11D3-BF4B-00C04F79EFBC}") = "RemotingNativeSoul", "Library\RemotingNativeSoul\RemotingNativeSoul.csproj", "{D4580866-2273-4E9B-BE70-4FA2AB11434A}"
EndProject
Project("{2150E333-8FDC-42A3-9474-1A3956D46DE8}") = "Project", "Project", "{96CF9E09-80D6-4232-9952-CEC23ECE61FB}"
EndProject
Project("{FAE04EC0-301F-11D3-BF4B-00C04F79EFBC}") = "Common", "Projects\FishHunter\Common\Common.csproj", "{72E9207F-CD57-4789-AD21-30132E541FB6}"
EndProject
Project("{FAE04EC0-301F-11D3-BF4B-00C04F79EFBC}") = "Game", "Projects\FishHunter\Game\Game.csproj", "{5061BC1D-0C9E-4050-A51E-593B5C16D398}"
	ProjectSection(ProjectDependencies) = postProject
		{FAE04BC0-81CB-41C1-8B33-DDF0C6B5C318} = {FAE04BC0-81CB-41C1-8B33-DDF0C6B5C318}
	EndProjectSection
EndProject
Project("{FAE04EC0-301F-11D3-BF4B-00C04F79EFBC}") = "PureLibTest", "Library\PureLibTest\PureLibTest.csproj", "{1F93F34D-B41D-4D70-B49F-F8011D46F374}"
EndProject
Project("{FAE04EC0-301F-11D3-BF4B-00C04F79EFBC}") = "RemotingTest", "Library\RemotingTest\RemotingTest.csproj", "{6C5AF73B-0D73-4A15-B762-BB2E889DE4AE}"
EndProject
Project("{FAE04EC0-301F-11D3-BF4B-00C04F79EFBC}") = "Console", "Projects\FishHunter\Console\Console.csproj", "{F6A0A01C-7FCF-4763-9E01-295E47D76E59}"
	ProjectSection(ProjectDependencies) = postProject
		{5061BC1D-0C9E-4050-A51E-593B5C16D398} = {5061BC1D-0C9E-4050-A51E-593B5C16D398}
	EndProjectSection
EndProject
Project("{FAE04EC0-301F-11D3-BF4B-00C04F79EFBC}") = "User", "Projects\FishHunter\User\User.csproj", "{9E558B9C-1A42-4D5B-9C3A-9B443EC86835}"
EndProject
Project("{FAE04EC0-301F-11D3-BF4B-00C04F79EFBC}") = "Unity", "Library\Unity\Unity.csproj", "{B4123AE5-EED1-4FDB-89FD-4BBE4C67E7A0}"
EndProject
Project("{FAE04EC0-301F-11D3-BF4B-00C04F79EFBC}") = "Complex", "Projects\FishHunter\Complex\Complex.csproj", "{53A7DD3E-D3A3-4567-9B7E-CFDF2F3C2214}"
EndProject
Project("{2150E333-8FDC-42A3-9474-1A3956D46DE8}") = "Tool", "Tool", "{0EDA47AC-7FCC-416C-80F6-318015D85525}"
EndProject
Project("{FAE04EC0-301F-11D3-BF4B-00C04F79EFBC}") = "Server", "Tool\Server\Server.csproj", "{FAE04BC0-81CB-41C1-8B33-DDF0C6B5C318}"
EndProject
Project("{FAE04EC0-301F-11D3-BF4B-00C04F79EFBC}") = "UnitTest", "Projects\FishHunter\UnitTest\UnitTest.csproj", "{DDCF1398-8053-4DD7-A612-46BDEB6EEB15}"
EndProject
Project("{FAE04EC0-301F-11D3-BF4B-00C04F79EFBC}") = "Formula", "Projects\FishHunter\Formula\Formula.csproj", "{C948251A-5D79-4480-9887-3CB6FDB59517}"
EndProject
Project("{FAE04EC0-301F-11D3-BF4B-00C04F79EFBC}") = "FormulaUser", "Projects\FishHunter\FormulaUser\FormulaUser.csproj", "{8D1A45AA-6918-4DEB-A37F-AEDE57FE8794}"
EndProject
Project("{FAE04EC0-301F-11D3-BF4B-00C04F79EFBC}") = "FormulaConsole", "Projects\FishHunter\FormulaConsole\FormulaConsole.csproj", "{221E99E2-3C94-41A3-9B11-B84313A71EDF}"
EndProject
Project("{FAE04EC0-301F-11D3-BF4B-00C04F79EFBC}") = "FormulaUserBot", "Projects\FishHunter\FormulaUserBot\FormulaUserBot.csproj", "{242F3836-C5C9-4910-B908-794409EAFE39}"
EndProject
Project("{FAE04EC0-301F-11D3-BF4B-00C04F79EFBC}") = "FormulaWindowsService", "Projects\FishHunter\FormulaWindowsService\FormulaWindowsService.csproj", "{D5AA5B96-865D-41CA-AC62-9352BC728008}"
	ProjectSection(ProjectDependencies) = postProject
		{5330CF53-9B85-4EFF-A8A0-753C85604113} = {5330CF53-9B85-4EFF-A8A0-753C85604113}
	EndProjectSection
EndProject
Project("{FAE04EC0-301F-11D3-BF4B-00C04F79EFBC}") = "FormulaServerServiceConsoleView", "Projects\FishHunter\FormulaServerServiceConsoleView\FormulaServerServiceConsoleView.csproj", "{C39B7C8A-C0AD-4B12-8613-73ECF940BAA3}"
	ProjectSection(ProjectDependencies) = postProject
		{5330CF53-9B85-4EFF-A8A0-753C85604113} = {5330CF53-9B85-4EFF-A8A0-753C85604113}
	EndProjectSection
EndProject
Project("{FAE04EC0-301F-11D3-BF4B-00C04F79EFBC}") = "FormulaWCFLibrary", "Projects\FishHunter\FormulaWCFLibrary\FormulaWCFLibrary.csproj", "{5330CF53-9B85-4EFF-A8A0-753C85604113}"
EndProject
Project("{FAE04EC0-301F-11D3-BF4B-00C04F79EFBC}") = "VGameWebApplication", "Projects\VGameBackend\VGameWebApplication\VGameWebApplication.csproj", "{4BBD4727-5675-49F0-A606-1772FD3D4427}"
	ProjectSection(ProjectDependencies) = postProject
		{5330CF53-9B85-4EFF-A8A0-753C85604113} = {5330CF53-9B85-4EFF-A8A0-753C85604113}
	EndProjectSection
EndProject
Project("{FAE04EC0-301F-11D3-BF4B-00C04F79EFBC}") = "VGameWebApplication.Tests", "VGameWebApplication.Tests\VGameWebApplication.Tests.csproj", "{FC16CB91-57C7-4C48-AC51-44E5BA2A1387}"
EndProject
Project("{2150E333-8FDC-42A3-9474-1A3956D46DE8}") = "Formula", "Formula", "{EBF4516D-835F-4E2F-BF86-C31261BB3C34}"
EndProject
Project("{2150E333-8FDC-42A3-9474-1A3956D46DE8}") = "Play", "Play", "{CE675D1B-6732-42FE-A288-A1C192B4F416}"
EndProject
Project("{2150E333-8FDC-42A3-9474-1A3956D46DE8}") = "Storage", "Storage", "{28C6C4B9-7494-4D29-A8E1-F78D20084E4E}"
EndProject
Project("{2150E333-8FDC-42A3-9474-1A3956D46DE8}") = "Backend", "Backend", "{A29F29EE-B382-4406-9575-25612EAA53D6}"
EndProject
Project("{FAE04EC0-301F-11D3-BF4B-00C04F79EFBC}") = "StorageUser", "Projects\FishHunter\StorageUser\StorageUser.csproj", "{C0F40A23-120C-4722-A9FE-1299A3F7AACF}"
EndProject
Project("{FAE04EC0-301F-11D3-BF4B-00C04F79EFBC}") = "StorageServer", "Projects\FishHunter\StorageServer\StorageServer.csproj", "{FCBC2643-1FCB-4EC5-B333-09C50A7822A1}"
EndProject
Project("{FAE04EC0-301F-11D3-BF4B-00C04F79EFBC}") = "StorageIntegrateTest", "Projects\FishHunter\StorageIntegrateTest\StorageIntegrateTest.csproj", "{56FC4752-193B-4E71-925F-A7096E1D22BF}"
EndProject
Project("{FAE04EC0-301F-11D3-BF4B-00C04F79EFBC}") = "WindowsService", "Tool\WindowsService\WindowsService.csproj", "{64C1D655-34D2-4580-A3EB-5D6BB8D81851}"
EndProject
Project("{FAE04EC0-301F-11D3-BF4B-00C04F79EFBC}") = "PureLibraryExpansion", "Library\PureLibraryExpansion\PureLibraryExpansion.csproj", "{E977627A-CD89-4D30-892D-4679E10F45FA}"
EndProject
Global
	GlobalSection(SolutionConfigurationPlatforms) = preSolution
		Debug_Unity|Any CPU = Debug_Unity|Any CPU
		Debug|Any CPU = Debug|Any CPU
		Release|Any CPU = Release|Any CPU
	EndGlobalSection
	GlobalSection(ProjectConfigurationPlatforms) = postSolution
		{2F28AA04-316D-4C20-BF46-987D4A59691D}.Debug_Unity|Any CPU.ActiveCfg = Debug_Unity|Any CPU
		{2F28AA04-316D-4C20-BF46-987D4A59691D}.Debug_Unity|Any CPU.Build.0 = Debug_Unity|Any CPU
		{2F28AA04-316D-4C20-BF46-987D4A59691D}.Debug|Any CPU.ActiveCfg = Debug|Any CPU
		{2F28AA04-316D-4C20-BF46-987D4A59691D}.Debug|Any CPU.Build.0 = Debug|Any CPU
		{2F28AA04-316D-4C20-BF46-987D4A59691D}.Release|Any CPU.ActiveCfg = Release|Any CPU
		{2F28AA04-316D-4C20-BF46-987D4A59691D}.Release|Any CPU.Build.0 = Release|Any CPU
		{A4CFCE46-BDA8-4416-A1BB-77BD80514019}.Debug_Unity|Any CPU.ActiveCfg = Debug_Unity|Any CPU
		{A4CFCE46-BDA8-4416-A1BB-77BD80514019}.Debug_Unity|Any CPU.Build.0 = Debug_Unity|Any CPU
		{A4CFCE46-BDA8-4416-A1BB-77BD80514019}.Debug|Any CPU.ActiveCfg = Debug|Any CPU
		{A4CFCE46-BDA8-4416-A1BB-77BD80514019}.Debug|Any CPU.Build.0 = Debug|Any CPU
		{A4CFCE46-BDA8-4416-A1BB-77BD80514019}.Release|Any CPU.ActiveCfg = Release|Any CPU
		{A4CFCE46-BDA8-4416-A1BB-77BD80514019}.Release|Any CPU.Build.0 = Release|Any CPU
		{E51E2098-C578-4637-807C-F67067A54535}.Debug_Unity|Any CPU.ActiveCfg = Debug_Unity|Any CPU
		{E51E2098-C578-4637-807C-F67067A54535}.Debug_Unity|Any CPU.Build.0 = Debug_Unity|Any CPU
		{E51E2098-C578-4637-807C-F67067A54535}.Debug|Any CPU.ActiveCfg = Debug|Any CPU
		{E51E2098-C578-4637-807C-F67067A54535}.Debug|Any CPU.Build.0 = Debug|Any CPU
		{E51E2098-C578-4637-807C-F67067A54535}.Release|Any CPU.ActiveCfg = Release|Any CPU
		{E51E2098-C578-4637-807C-F67067A54535}.Release|Any CPU.Build.0 = Release|Any CPU
		{485F551D-9155-4982-B653-F8D4EAC2FCA1}.Debug_Unity|Any CPU.ActiveCfg = Debug|Any CPU
		{485F551D-9155-4982-B653-F8D4EAC2FCA1}.Debug_Unity|Any CPU.Build.0 = Debug|Any CPU
		{485F551D-9155-4982-B653-F8D4EAC2FCA1}.Debug|Any CPU.ActiveCfg = Debug|Any CPU
		{485F551D-9155-4982-B653-F8D4EAC2FCA1}.Debug|Any CPU.Build.0 = Debug|Any CPU
		{485F551D-9155-4982-B653-F8D4EAC2FCA1}.Release|Any CPU.ActiveCfg = Release|Any CPU
		{485F551D-9155-4982-B653-F8D4EAC2FCA1}.Release|Any CPU.Build.0 = Release|Any CPU
		{6CB4CDE6-4405-40E6-8BDF-5A2E9185CC04}.Debug_Unity|Any CPU.ActiveCfg = Debug|Any CPU
		{6CB4CDE6-4405-40E6-8BDF-5A2E9185CC04}.Debug_Unity|Any CPU.Build.0 = Debug|Any CPU
		{6CB4CDE6-4405-40E6-8BDF-5A2E9185CC04}.Debug|Any CPU.ActiveCfg = Debug|Any CPU
		{6CB4CDE6-4405-40E6-8BDF-5A2E9185CC04}.Debug|Any CPU.Build.0 = Debug|Any CPU
		{6CB4CDE6-4405-40E6-8BDF-5A2E9185CC04}.Release|Any CPU.ActiveCfg = Release|Any CPU
		{6CB4CDE6-4405-40E6-8BDF-5A2E9185CC04}.Release|Any CPU.Build.0 = Release|Any CPU
		{D4580866-2273-4E9B-BE70-4FA2AB11434A}.Debug_Unity|Any CPU.ActiveCfg = Debug|Any CPU
		{D4580866-2273-4E9B-BE70-4FA2AB11434A}.Debug_Unity|Any CPU.Build.0 = Debug|Any CPU
		{D4580866-2273-4E9B-BE70-4FA2AB11434A}.Debug|Any CPU.ActiveCfg = Debug|Any CPU
		{D4580866-2273-4E9B-BE70-4FA2AB11434A}.Debug|Any CPU.Build.0 = Debug|Any CPU
		{D4580866-2273-4E9B-BE70-4FA2AB11434A}.Release|Any CPU.ActiveCfg = Release|Any CPU
		{D4580866-2273-4E9B-BE70-4FA2AB11434A}.Release|Any CPU.Build.0 = Release|Any CPU
		{72E9207F-CD57-4789-AD21-30132E541FB6}.Debug_Unity|Any CPU.ActiveCfg = Debug|Any CPU
		{72E9207F-CD57-4789-AD21-30132E541FB6}.Debug_Unity|Any CPU.Build.0 = Debug|Any CPU
		{72E9207F-CD57-4789-AD21-30132E541FB6}.Debug|Any CPU.ActiveCfg = Debug|Any CPU
		{72E9207F-CD57-4789-AD21-30132E541FB6}.Debug|Any CPU.Build.0 = Debug|Any CPU
		{72E9207F-CD57-4789-AD21-30132E541FB6}.Release|Any CPU.ActiveCfg = Release|Any CPU
		{72E9207F-CD57-4789-AD21-30132E541FB6}.Release|Any CPU.Build.0 = Release|Any CPU
		{5061BC1D-0C9E-4050-A51E-593B5C16D398}.Debug_Unity|Any CPU.ActiveCfg = Debug|Any CPU
		{5061BC1D-0C9E-4050-A51E-593B5C16D398}.Debug_Unity|Any CPU.Build.0 = Debug|Any CPU
		{5061BC1D-0C9E-4050-A51E-593B5C16D398}.Debug|Any CPU.ActiveCfg = Debug|Any CPU
		{5061BC1D-0C9E-4050-A51E-593B5C16D398}.Debug|Any CPU.Build.0 = Debug|Any CPU
		{5061BC1D-0C9E-4050-A51E-593B5C16D398}.Release|Any CPU.ActiveCfg = Release|Any CPU
		{5061BC1D-0C9E-4050-A51E-593B5C16D398}.Release|Any CPU.Build.0 = Release|Any CPU
		{1F93F34D-B41D-4D70-B49F-F8011D46F374}.Debug_Unity|Any CPU.ActiveCfg = Debug|Any CPU
		{1F93F34D-B41D-4D70-B49F-F8011D46F374}.Debug_Unity|Any CPU.Build.0 = Debug|Any CPU
		{1F93F34D-B41D-4D70-B49F-F8011D46F374}.Debug|Any CPU.ActiveCfg = Debug|Any CPU
		{1F93F34D-B41D-4D70-B49F-F8011D46F374}.Debug|Any CPU.Build.0 = Debug|Any CPU
		{1F93F34D-B41D-4D70-B49F-F8011D46F374}.Release|Any CPU.ActiveCfg = Release|Any CPU
		{1F93F34D-B41D-4D70-B49F-F8011D46F374}.Release|Any CPU.Build.0 = Release|Any CPU
		{6C5AF73B-0D73-4A15-B762-BB2E889DE4AE}.Debug_Unity|Any CPU.ActiveCfg = Debug|Any CPU
		{6C5AF73B-0D73-4A15-B762-BB2E889DE4AE}.Debug_Unity|Any CPU.Build.0 = Debug|Any CPU
		{6C5AF73B-0D73-4A15-B762-BB2E889DE4AE}.Debug|Any CPU.ActiveCfg = Debug|Any CPU
		{6C5AF73B-0D73-4A15-B762-BB2E889DE4AE}.Debug|Any CPU.Build.0 = Debug|Any CPU
		{6C5AF73B-0D73-4A15-B762-BB2E889DE4AE}.Release|Any CPU.ActiveCfg = Release|Any CPU
		{6C5AF73B-0D73-4A15-B762-BB2E889DE4AE}.Release|Any CPU.Build.0 = Release|Any CPU
		{F6A0A01C-7FCF-4763-9E01-295E47D76E59}.Debug_Unity|Any CPU.ActiveCfg = Debug|Any CPU
		{F6A0A01C-7FCF-4763-9E01-295E47D76E59}.Debug_Unity|Any CPU.Build.0 = Debug|Any CPU
		{F6A0A01C-7FCF-4763-9E01-295E47D76E59}.Debug|Any CPU.ActiveCfg = Debug|Any CPU
		{F6A0A01C-7FCF-4763-9E01-295E47D76E59}.Debug|Any CPU.Build.0 = Debug|Any CPU
		{F6A0A01C-7FCF-4763-9E01-295E47D76E59}.Release|Any CPU.ActiveCfg = Release|Any CPU
		{F6A0A01C-7FCF-4763-9E01-295E47D76E59}.Release|Any CPU.Build.0 = Release|Any CPU
		{9E558B9C-1A42-4D5B-9C3A-9B443EC86835}.Debug_Unity|Any CPU.ActiveCfg = Debug|Any CPU
		{9E558B9C-1A42-4D5B-9C3A-9B443EC86835}.Debug_Unity|Any CPU.Build.0 = Debug|Any CPU
		{9E558B9C-1A42-4D5B-9C3A-9B443EC86835}.Debug|Any CPU.ActiveCfg = Debug|Any CPU
		{9E558B9C-1A42-4D5B-9C3A-9B443EC86835}.Debug|Any CPU.Build.0 = Debug|Any CPU
		{9E558B9C-1A42-4D5B-9C3A-9B443EC86835}.Release|Any CPU.ActiveCfg = Release|Any CPU
		{9E558B9C-1A42-4D5B-9C3A-9B443EC86835}.Release|Any CPU.Build.0 = Release|Any CPU
		{B4123AE5-EED1-4FDB-89FD-4BBE4C67E7A0}.Debug_Unity|Any CPU.ActiveCfg = Debug|Any CPU
		{B4123AE5-EED1-4FDB-89FD-4BBE4C67E7A0}.Debug_Unity|Any CPU.Build.0 = Debug|Any CPU
		{B4123AE5-EED1-4FDB-89FD-4BBE4C67E7A0}.Debug|Any CPU.ActiveCfg = Debug|Any CPU
		{B4123AE5-EED1-4FDB-89FD-4BBE4C67E7A0}.Debug|Any CPU.Build.0 = Debug|Any CPU
		{B4123AE5-EED1-4FDB-89FD-4BBE4C67E7A0}.Release|Any CPU.ActiveCfg = Release|Any CPU
		{B4123AE5-EED1-4FDB-89FD-4BBE4C67E7A0}.Release|Any CPU.Build.0 = Release|Any CPU
		{53A7DD3E-D3A3-4567-9B7E-CFDF2F3C2214}.Debug_Unity|Any CPU.ActiveCfg = Debug|Any CPU
		{53A7DD3E-D3A3-4567-9B7E-CFDF2F3C2214}.Debug_Unity|Any CPU.Build.0 = Debug|Any CPU
		{53A7DD3E-D3A3-4567-9B7E-CFDF2F3C2214}.Debug|Any CPU.ActiveCfg = Debug|Any CPU
		{53A7DD3E-D3A3-4567-9B7E-CFDF2F3C2214}.Debug|Any CPU.Build.0 = Debug|Any CPU
		{53A7DD3E-D3A3-4567-9B7E-CFDF2F3C2214}.Release|Any CPU.ActiveCfg = Release|Any CPU
		{53A7DD3E-D3A3-4567-9B7E-CFDF2F3C2214}.Release|Any CPU.Build.0 = Release|Any CPU
		{FAE04BC0-81CB-41C1-8B33-DDF0C6B5C318}.Debug_Unity|Any CPU.ActiveCfg = Debug|Any CPU
		{FAE04BC0-81CB-41C1-8B33-DDF0C6B5C318}.Debug_Unity|Any CPU.Build.0 = Debug|Any CPU
		{FAE04BC0-81CB-41C1-8B33-DDF0C6B5C318}.Debug|Any CPU.ActiveCfg = Debug|Any CPU
		{FAE04BC0-81CB-41C1-8B33-DDF0C6B5C318}.Debug|Any CPU.Build.0 = Debug|Any CPU
		{FAE04BC0-81CB-41C1-8B33-DDF0C6B5C318}.Release|Any CPU.ActiveCfg = Release|Any CPU
		{FAE04BC0-81CB-41C1-8B33-DDF0C6B5C318}.Release|Any CPU.Build.0 = Release|Any CPU
		{DDCF1398-8053-4DD7-A612-46BDEB6EEB15}.Debug_Unity|Any CPU.ActiveCfg = Debug|Any CPU
		{DDCF1398-8053-4DD7-A612-46BDEB6EEB15}.Debug_Unity|Any CPU.Build.0 = Debug|Any CPU
		{DDCF1398-8053-4DD7-A612-46BDEB6EEB15}.Debug|Any CPU.ActiveCfg = Debug|Any CPU
		{DDCF1398-8053-4DD7-A612-46BDEB6EEB15}.Debug|Any CPU.Build.0 = Debug|Any CPU
		{DDCF1398-8053-4DD7-A612-46BDEB6EEB15}.Release|Any CPU.ActiveCfg = Release|Any CPU
		{DDCF1398-8053-4DD7-A612-46BDEB6EEB15}.Release|Any CPU.Build.0 = Release|Any CPU
		{C948251A-5D79-4480-9887-3CB6FDB59517}.Debug_Unity|Any CPU.ActiveCfg = Debug|Any CPU
		{C948251A-5D79-4480-9887-3CB6FDB59517}.Debug_Unity|Any CPU.Build.0 = Debug|Any CPU
		{C948251A-5D79-4480-9887-3CB6FDB59517}.Debug|Any CPU.ActiveCfg = Debug|Any CPU
		{C948251A-5D79-4480-9887-3CB6FDB59517}.Debug|Any CPU.Build.0 = Debug|Any CPU
		{C948251A-5D79-4480-9887-3CB6FDB59517}.Release|Any CPU.ActiveCfg = Release|Any CPU
		{C948251A-5D79-4480-9887-3CB6FDB59517}.Release|Any CPU.Build.0 = Release|Any CPU
		{8D1A45AA-6918-4DEB-A37F-AEDE57FE8794}.Debug_Unity|Any CPU.ActiveCfg = Debug|Any CPU
		{8D1A45AA-6918-4DEB-A37F-AEDE57FE8794}.Debug_Unity|Any CPU.Build.0 = Debug|Any CPU
		{8D1A45AA-6918-4DEB-A37F-AEDE57FE8794}.Debug|Any CPU.ActiveCfg = Debug|Any CPU
		{8D1A45AA-6918-4DEB-A37F-AEDE57FE8794}.Debug|Any CPU.Build.0 = Debug|Any CPU
		{8D1A45AA-6918-4DEB-A37F-AEDE57FE8794}.Release|Any CPU.ActiveCfg = Release|Any CPU
		{8D1A45AA-6918-4DEB-A37F-AEDE57FE8794}.Release|Any CPU.Build.0 = Release|Any CPU
		{221E99E2-3C94-41A3-9B11-B84313A71EDF}.Debug_Unity|Any CPU.ActiveCfg = Debug|Any CPU
		{221E99E2-3C94-41A3-9B11-B84313A71EDF}.Debug_Unity|Any CPU.Build.0 = Debug|Any CPU
		{221E99E2-3C94-41A3-9B11-B84313A71EDF}.Debug|Any CPU.ActiveCfg = Debug|Any CPU
		{221E99E2-3C94-41A3-9B11-B84313A71EDF}.Debug|Any CPU.Build.0 = Debug|Any CPU
		{221E99E2-3C94-41A3-9B11-B84313A71EDF}.Release|Any CPU.ActiveCfg = Release|Any CPU
		{221E99E2-3C94-41A3-9B11-B84313A71EDF}.Release|Any CPU.Build.0 = Release|Any CPU
		{242F3836-C5C9-4910-B908-794409EAFE39}.Debug_Unity|Any CPU.ActiveCfg = Debug|Any CPU
		{242F3836-C5C9-4910-B908-794409EAFE39}.Debug_Unity|Any CPU.Build.0 = Debug|Any CPU
		{242F3836-C5C9-4910-B908-794409EAFE39}.Debug|Any CPU.ActiveCfg = Debug|Any CPU
		{242F3836-C5C9-4910-B908-794409EAFE39}.Debug|Any CPU.Build.0 = Debug|Any CPU
		{242F3836-C5C9-4910-B908-794409EAFE39}.Release|Any CPU.ActiveCfg = Release|Any CPU
		{242F3836-C5C9-4910-B908-794409EAFE39}.Release|Any CPU.Build.0 = Release|Any CPU
		{D5AA5B96-865D-41CA-AC62-9352BC728008}.Debug_Unity|Any CPU.ActiveCfg = Debug|Any CPU
		{D5AA5B96-865D-41CA-AC62-9352BC728008}.Debug_Unity|Any CPU.Build.0 = Debug|Any CPU
		{D5AA5B96-865D-41CA-AC62-9352BC728008}.Debug|Any CPU.ActiveCfg = Debug|Any CPU
		{D5AA5B96-865D-41CA-AC62-9352BC728008}.Debug|Any CPU.Build.0 = Debug|Any CPU
		{D5AA5B96-865D-41CA-AC62-9352BC728008}.Release|Any CPU.ActiveCfg = Release|Any CPU
		{D5AA5B96-865D-41CA-AC62-9352BC728008}.Release|Any CPU.Build.0 = Release|Any CPU
		{C39B7C8A-C0AD-4B12-8613-73ECF940BAA3}.Debug_Unity|Any CPU.ActiveCfg = Debug|Any CPU
		{C39B7C8A-C0AD-4B12-8613-73ECF940BAA3}.Debug_Unity|Any CPU.Build.0 = Debug|Any CPU
		{C39B7C8A-C0AD-4B12-8613-73ECF940BAA3}.Debug|Any CPU.ActiveCfg = Debug|Any CPU
		{C39B7C8A-C0AD-4B12-8613-73ECF940BAA3}.Debug|Any CPU.Build.0 = Debug|Any CPU
		{C39B7C8A-C0AD-4B12-8613-73ECF940BAA3}.Release|Any CPU.ActiveCfg = Release|Any CPU
		{C39B7C8A-C0AD-4B12-8613-73ECF940BAA3}.Release|Any CPU.Build.0 = Release|Any CPU
		{5330CF53-9B85-4EFF-A8A0-753C85604113}.Debug_Unity|Any CPU.ActiveCfg = Debug|Any CPU
		{5330CF53-9B85-4EFF-A8A0-753C85604113}.Debug_Unity|Any CPU.Build.0 = Debug|Any CPU
		{5330CF53-9B85-4EFF-A8A0-753C85604113}.Debug|Any CPU.ActiveCfg = Debug|Any CPU
		{5330CF53-9B85-4EFF-A8A0-753C85604113}.Debug|Any CPU.Build.0 = Debug|Any CPU
		{5330CF53-9B85-4EFF-A8A0-753C85604113}.Release|Any CPU.ActiveCfg = Release|Any CPU
		{5330CF53-9B85-4EFF-A8A0-753C85604113}.Release|Any CPU.Build.0 = Release|Any CPU
		{4BBD4727-5675-49F0-A606-1772FD3D4427}.Debug_Unity|Any CPU.ActiveCfg = Debug|Any CPU
		{4BBD4727-5675-49F0-A606-1772FD3D4427}.Debug_Unity|Any CPU.Build.0 = Debug|Any CPU
		{4BBD4727-5675-49F0-A606-1772FD3D4427}.Debug|Any CPU.ActiveCfg = Debug|Any CPU
		{4BBD4727-5675-49F0-A606-1772FD3D4427}.Debug|Any CPU.Build.0 = Debug|Any CPU
		{4BBD4727-5675-49F0-A606-1772FD3D4427}.Release|Any CPU.ActiveCfg = Release|Any CPU
		{4BBD4727-5675-49F0-A606-1772FD3D4427}.Release|Any CPU.Build.0 = Release|Any CPU
		{FC16CB91-57C7-4C48-AC51-44E5BA2A1387}.Debug_Unity|Any CPU.ActiveCfg = Debug|Any CPU
		{FC16CB91-57C7-4C48-AC51-44E5BA2A1387}.Debug_Unity|Any CPU.Build.0 = Debug|Any CPU
		{FC16CB91-57C7-4C48-AC51-44E5BA2A1387}.Debug|Any CPU.ActiveCfg = Debug|Any CPU
		{FC16CB91-57C7-4C48-AC51-44E5BA2A1387}.Debug|Any CPU.Build.0 = Debug|Any CPU
		{FC16CB91-57C7-4C48-AC51-44E5BA2A1387}.Release|Any CPU.ActiveCfg = Release|Any CPU
		{FC16CB91-57C7-4C48-AC51-44E5BA2A1387}.Release|Any CPU.Build.0 = Release|Any CPU
		{C0F40A23-120C-4722-A9FE-1299A3F7AACF}.Debug_Unity|Any CPU.ActiveCfg = Debug|Any CPU
		{C0F40A23-120C-4722-A9FE-1299A3F7AACF}.Debug_Unity|Any CPU.Build.0 = Debug|Any CPU
		{C0F40A23-120C-4722-A9FE-1299A3F7AACF}.Debug|Any CPU.ActiveCfg = Debug|Any CPU
		{C0F40A23-120C-4722-A9FE-1299A3F7AACF}.Debug|Any CPU.Build.0 = Debug|Any CPU
		{C0F40A23-120C-4722-A9FE-1299A3F7AACF}.Release|Any CPU.ActiveCfg = Release|Any CPU
		{C0F40A23-120C-4722-A9FE-1299A3F7AACF}.Release|Any CPU.Build.0 = Release|Any CPU
		{FCBC2643-1FCB-4EC5-B333-09C50A7822A1}.Debug_Unity|Any CPU.ActiveCfg = Debug|Any CPU
		{FCBC2643-1FCB-4EC5-B333-09C50A7822A1}.Debug_Unity|Any CPU.Build.0 = Debug|Any CPU
		{FCBC2643-1FCB-4EC5-B333-09C50A7822A1}.Debug|Any CPU.ActiveCfg = Debug|Any CPU
		{FCBC2643-1FCB-4EC5-B333-09C50A7822A1}.Debug|Any CPU.Build.0 = Debug|Any CPU
		{FCBC2643-1FCB-4EC5-B333-09C50A7822A1}.Release|Any CPU.ActiveCfg = Release|Any CPU
		{FCBC2643-1FCB-4EC5-B333-09C50A7822A1}.Release|Any CPU.Build.0 = Release|Any CPU
		{56FC4752-193B-4E71-925F-A7096E1D22BF}.Debug_Unity|Any CPU.ActiveCfg = Debug|Any CPU
		{56FC4752-193B-4E71-925F-A7096E1D22BF}.Debug_Unity|Any CPU.Build.0 = Debug|Any CPU
		{56FC4752-193B-4E71-925F-A7096E1D22BF}.Debug|Any CPU.ActiveCfg = Debug|Any CPU
		{56FC4752-193B-4E71-925F-A7096E1D22BF}.Debug|Any CPU.Build.0 = Debug|Any CPU
		{56FC4752-193B-4E71-925F-A7096E1D22BF}.Release|Any CPU.ActiveCfg = Release|Any CPU
		{56FC4752-193B-4E71-925F-A7096E1D22BF}.Release|Any CPU.Build.0 = Release|Any CPU
		{64C1D655-34D2-4580-A3EB-5D6BB8D81851}.Debug_Unity|Any CPU.ActiveCfg = Debug|Any CPU
		{64C1D655-34D2-4580-A3EB-5D6BB8D81851}.Debug_Unity|Any CPU.Build.0 = Debug|Any CPU
		{64C1D655-34D2-4580-A3EB-5D6BB8D81851}.Debug|Any CPU.ActiveCfg = Debug|Any CPU
		{64C1D655-34D2-4580-A3EB-5D6BB8D81851}.Debug|Any CPU.Build.0 = Debug|Any CPU
		{64C1D655-34D2-4580-A3EB-5D6BB8D81851}.Release|Any CPU.ActiveCfg = Release|Any CPU
		{64C1D655-34D2-4580-A3EB-5D6BB8D81851}.Release|Any CPU.Build.0 = Release|Any CPU
		{E977627A-CD89-4D30-892D-4679E10F45FA}.Debug_Unity|Any CPU.ActiveCfg = Debug|Any CPU
		{E977627A-CD89-4D30-892D-4679E10F45FA}.Debug_Unity|Any CPU.Build.0 = Debug|Any CPU
		{E977627A-CD89-4D30-892D-4679E10F45FA}.Debug|Any CPU.ActiveCfg = Debug|Any CPU
		{E977627A-CD89-4D30-892D-4679E10F45FA}.Debug|Any CPU.Build.0 = Debug|Any CPU
		{E977627A-CD89-4D30-892D-4679E10F45FA}.Release|Any CPU.ActiveCfg = Release|Any CPU
		{E977627A-CD89-4D30-892D-4679E10F45FA}.Release|Any CPU.Build.0 = Release|Any CPU
	EndGlobalSection
	GlobalSection(SolutionProperties) = preSolution
		HideSolutionNode = FALSE
	EndGlobalSection
	GlobalSection(NestedProjects) = preSolution
		{2F28AA04-316D-4C20-BF46-987D4A59691D} = {2C0B4D19-4D23-4793-8627-4E72FE94243F}
		{A4CFCE46-BDA8-4416-A1BB-77BD80514019} = {2C0B4D19-4D23-4793-8627-4E72FE94243F}
		{E51E2098-C578-4637-807C-F67067A54535} = {2C0B4D19-4D23-4793-8627-4E72FE94243F}
		{485F551D-9155-4982-B653-F8D4EAC2FCA1} = {2C0B4D19-4D23-4793-8627-4E72FE94243F}
		{6CB4CDE6-4405-40E6-8BDF-5A2E9185CC04} = {2C0B4D19-4D23-4793-8627-4E72FE94243F}
		{D4580866-2273-4E9B-BE70-4FA2AB11434A} = {2C0B4D19-4D23-4793-8627-4E72FE94243F}
		{72E9207F-CD57-4789-AD21-30132E541FB6} = {96CF9E09-80D6-4232-9952-CEC23ECE61FB}
		{5061BC1D-0C9E-4050-A51E-593B5C16D398} = {96CF9E09-80D6-4232-9952-CEC23ECE61FB}
		{1F93F34D-B41D-4D70-B49F-F8011D46F374} = {2C0B4D19-4D23-4793-8627-4E72FE94243F}
		{6C5AF73B-0D73-4A15-B762-BB2E889DE4AE} = {2C0B4D19-4D23-4793-8627-4E72FE94243F}
		{F6A0A01C-7FCF-4763-9E01-295E47D76E59} = {CE675D1B-6732-42FE-A288-A1C192B4F416}
		{9E558B9C-1A42-4D5B-9C3A-9B443EC86835} = {CE675D1B-6732-42FE-A288-A1C192B4F416}
		{B4123AE5-EED1-4FDB-89FD-4BBE4C67E7A0} = {2C0B4D19-4D23-4793-8627-4E72FE94243F}
		{53A7DD3E-D3A3-4567-9B7E-CFDF2F3C2214} = {CE675D1B-6732-42FE-A288-A1C192B4F416}
		{FAE04BC0-81CB-41C1-8B33-DDF0C6B5C318} = {0EDA47AC-7FCC-416C-80F6-318015D85525}
		{DDCF1398-8053-4DD7-A612-46BDEB6EEB15} = {CE675D1B-6732-42FE-A288-A1C192B4F416}
		{C948251A-5D79-4480-9887-3CB6FDB59517} = {EBF4516D-835F-4E2F-BF86-C31261BB3C34}
		{8D1A45AA-6918-4DEB-A37F-AEDE57FE8794} = {EBF4516D-835F-4E2F-BF86-C31261BB3C34}
		{221E99E2-3C94-41A3-9B11-B84313A71EDF} = {EBF4516D-835F-4E2F-BF86-C31261BB3C34}
		{242F3836-C5C9-4910-B908-794409EAFE39} = {EBF4516D-835F-4E2F-BF86-C31261BB3C34}
		{D5AA5B96-865D-41CA-AC62-9352BC728008} = {EBF4516D-835F-4E2F-BF86-C31261BB3C34}
		{C39B7C8A-C0AD-4B12-8613-73ECF940BAA3} = {EBF4516D-835F-4E2F-BF86-C31261BB3C34}
		{5330CF53-9B85-4EFF-A8A0-753C85604113} = {EBF4516D-835F-4E2F-BF86-C31261BB3C34}
		{4BBD4727-5675-49F0-A606-1772FD3D4427} = {A29F29EE-B382-4406-9575-25612EAA53D6}
		{FC16CB91-57C7-4C48-AC51-44E5BA2A1387} = {A29F29EE-B382-4406-9575-25612EAA53D6}
		{EBF4516D-835F-4E2F-BF86-C31261BB3C34} = {96CF9E09-80D6-4232-9952-CEC23ECE61FB}
		{CE675D1B-6732-42FE-A288-A1C192B4F416} = {96CF9E09-80D6-4232-9952-CEC23ECE61FB}
		{28C6C4B9-7494-4D29-A8E1-F78D20084E4E} = {96CF9E09-80D6-4232-9952-CEC23ECE61FB}
		{A29F29EE-B382-4406-9575-25612EAA53D6} = {96CF9E09-80D6-4232-9952-CEC23ECE61FB}
		{C0F40A23-120C-4722-A9FE-1299A3F7AACF} = {28C6C4B9-7494-4D29-A8E1-F78D20084E4E}
		{FCBC2643-1FCB-4EC5-B333-09C50A7822A1} = {28C6C4B9-7494-4D29-A8E1-F78D20084E4E}
		{56FC4752-193B-4E71-925F-A7096E1D22BF} = {28C6C4B9-7494-4D29-A8E1-F78D20084E4E}
		{64C1D655-34D2-4580-A3EB-5D6BB8D81851} = {0EDA47AC-7FCC-416C-80F6-318015D85525}
		{E977627A-CD89-4D30-892D-4679E10F45FA} = {2C0B4D19-4D23-4793-8627-4E72FE94243F}
	EndGlobalSection
	GlobalSection(Performance) = preSolution
		HasPerformanceSessions = true
	EndGlobalSection
EndGlobal
