
Microsoft Visual Studio Solution File, Format Version 12.00
# Visual Studio 2013
VisualStudioVersion = 12.0.21005.1
MinimumVisualStudioVersion = 10.0.40219.1
Project("{FAE04EC0-301F-11D3-BF4B-00C04F79EFBC}") = "PureLib", "Library\PureLib\PureLib.csproj", "{2F28AA04-316D-4C20-BF46-987D4A59691D}"
EndProject
Project("{2150E333-8FDC-42A3-9474-1A3956D46DE8}") = "Library", "Library", "{2C0B4D19-4D23-4793-8627-4E72FE94243F}"
EndProject
Project("{FAE04EC0-301F-11D3-BF4B-00C04F79EFBC}") = "Remoting", "Library\Remoting\Remoting.csproj", "{A4CFCE46-BDA8-4416-A1BB-77BD80514019}"
EndProject
Project("{FAE04EC0-301F-11D3-BF4B-00C04F79EFBC}") = "Database", "Library\Database\Database.csproj", "{E51E2098-C578-4637-807C-F67067A54535}"
EndProject
Project("{FAE04EC0-301F-11D3-BF4B-00C04F79EFBC}") = "RemotingStandalong", "Library\RemotingStandalong\RemotingStandalong.csproj", "{485F551D-9155-4982-B653-F8D4EAC2FCA1}"
EndProject
Project("{FAE04EC0-301F-11D3-BF4B-00C04F79EFBC}") = "RemotingNativeGhost", "Library\RemotingNativeGhost\RemotingNativeGhost.csproj", "{6CB4CDE6-4405-40E6-8BDF-5A2E9185CC04}"
EndProject
Project("{FAE04EC0-301F-11D3-BF4B-00C04F79EFBC}") = "RemotingNativeSoul", "Library\RemotingNativeSoul\RemotingNativeSoul.csproj", "{D4580866-2273-4E9B-BE70-4FA2AB11434A}"
EndProject
Project("{2150E333-8FDC-42A3-9474-1A3956D46DE8}") = "Project", "Project", "{96CF9E09-80D6-4232-9952-CEC23ECE61FB}"
EndProject
Project("{FAE04EC0-301F-11D3-BF4B-00C04F79EFBC}") = "Common", "Projects\FishHunter\Common\Common.csproj", "{72E9207F-CD57-4789-AD21-30132E541FB6}"
EndProject
Project("{FAE04EC0-301F-11D3-BF4B-00C04F79EFBC}") = "Game", "Projects\FishHunter\Game\Game.csproj", "{5061BC1D-0C9E-4050-A51E-593B5C16D398}"
EndProject
Project("{FAE04EC0-301F-11D3-BF4B-00C04F79EFBC}") = "User", "Projects\FishHunter\User\User\User.csproj", "{9E558B9C-1A42-4D5B-9C3A-9B443EC86835}"
EndProject
Global
	GlobalSection(SolutionConfigurationPlatforms) = preSolution
		Debug_Unity|Any CPU = Debug_Unity|Any CPU
		Debug|Any CPU = Debug|Any CPU
		Release|Any CPU = Release|Any CPU
	EndGlobalSection
	GlobalSection(ProjectConfigurationPlatforms) = postSolution
		{2F28AA04-316D-4C20-BF46-987D4A59691D}.Debug_Unity|Any CPU.ActiveCfg = Debug_Unity|Any CPU
		{2F28AA04-316D-4C20-BF46-987D4A59691D}.Debug_Unity|Any CPU.Build.0 = Debug_Unity|Any CPU
		{2F28AA04-316D-4C20-BF46-987D4A59691D}.Debug|Any CPU.ActiveCfg = Debug|Any CPU
		{2F28AA04-316D-4C20-BF46-987D4A59691D}.Debug|Any CPU.Build.0 = Debug|Any CPU
		{2F28AA04-316D-4C20-BF46-987D4A59691D}.Release|Any CPU.ActiveCfg = Release|Any CPU
		{2F28AA04-316D-4C20-BF46-987D4A59691D}.Release|Any CPU.Build.0 = Release|Any CPU
		{A4CFCE46-BDA8-4416-A1BB-77BD80514019}.Debug_Unity|Any CPU.ActiveCfg = Debug_Unity|Any CPU
		{A4CFCE46-BDA8-4416-A1BB-77BD80514019}.Debug_Unity|Any CPU.Build.0 = Debug_Unity|Any CPU
		{A4CFCE46-BDA8-4416-A1BB-77BD80514019}.Debug|Any CPU.ActiveCfg = Debug|Any CPU
		{A4CFCE46-BDA8-4416-A1BB-77BD80514019}.Debug|Any CPU.Build.0 = Debug|Any CPU
		{A4CFCE46-BDA8-4416-A1BB-77BD80514019}.Release|Any CPU.ActiveCfg = Release|Any CPU
		{A4CFCE46-BDA8-4416-A1BB-77BD80514019}.Release|Any CPU.Build.0 = Release|Any CPU
		{E51E2098-C578-4637-807C-F67067A54535}.Debug_Unity|Any CPU.ActiveCfg = Debug_Unity|Any CPU
		{E51E2098-C578-4637-807C-F67067A54535}.Debug_Unity|Any CPU.Build.0 = Debug_Unity|Any CPU
		{E51E2098-C578-4637-807C-F67067A54535}.Debug|Any CPU.ActiveCfg = Debug|Any CPU
		{E51E2098-C578-4637-807C-F67067A54535}.Debug|Any CPU.Build.0 = Debug|Any CPU
		{E51E2098-C578-4637-807C-F67067A54535}.Release|Any CPU.ActiveCfg = Release|Any CPU
		{E51E2098-C578-4637-807C-F67067A54535}.Release|Any CPU.Build.0 = Release|Any CPU
		{485F551D-9155-4982-B653-F8D4EAC2FCA1}.Debug_Unity|Any CPU.ActiveCfg = Debug|Any CPU
		{485F551D-9155-4982-B653-F8D4EAC2FCA1}.Debug_Unity|Any CPU.Build.0 = Debug|Any CPU
		{485F551D-9155-4982-B653-F8D4EAC2FCA1}.Debug|Any CPU.ActiveCfg = Debug|Any CPU
		{485F551D-9155-4982-B653-F8D4EAC2FCA1}.Debug|Any CPU.Build.0 = Debug|Any CPU
		{485F551D-9155-4982-B653-F8D4EAC2FCA1}.Release|Any CPU.ActiveCfg = Release|Any CPU
		{485F551D-9155-4982-B653-F8D4EAC2FCA1}.Release|Any CPU.Build.0 = Release|Any CPU
		{6CB4CDE6-4405-40E6-8BDF-5A2E9185CC04}.Debug_Unity|Any CPU.ActiveCfg = Debug|Any CPU
		{6CB4CDE6-4405-40E6-8BDF-5A2E9185CC04}.Debug_Unity|Any CPU.Build.0 = Debug|Any CPU
		{6CB4CDE6-4405-40E6-8BDF-5A2E9185CC04}.Debug|Any CPU.ActiveCfg = Debug|Any CPU
		{6CB4CDE6-4405-40E6-8BDF-5A2E9185CC04}.Debug|Any CPU.Build.0 = Debug|Any CPU
		{6CB4CDE6-4405-40E6-8BDF-5A2E9185CC04}.Release|Any CPU.ActiveCfg = Release|Any CPU
		{6CB4CDE6-4405-40E6-8BDF-5A2E9185CC04}.Release|Any CPU.Build.0 = Release|Any CPU
		{D4580866-2273-4E9B-BE70-4FA2AB11434A}.Debug_Unity|Any CPU.ActiveCfg = Debug|Any CPU
		{D4580866-2273-4E9B-BE70-4FA2AB11434A}.Debug_Unity|Any CPU.Build.0 = Debug|Any CPU
		{D4580866-2273-4E9B-BE70-4FA2AB11434A}.Debug|Any CPU.ActiveCfg = Debug|Any CPU
		{D4580866-2273-4E9B-BE70-4FA2AB11434A}.Debug|Any CPU.Build.0 = Debug|Any CPU
		{D4580866-2273-4E9B-BE70-4FA2AB11434A}.Release|Any CPU.ActiveCfg = Release|Any CPU
		{D4580866-2273-4E9B-BE70-4FA2AB11434A}.Release|Any CPU.Build.0 = Release|Any CPU
		{72E9207F-CD57-4789-AD21-30132E541FB6}.Debug_Unity|Any CPU.ActiveCfg = Debug|Any CPU
		{72E9207F-CD57-4789-AD21-30132E541FB6}.Debug_Unity|Any CPU.Build.0 = Debug|Any CPU
		{72E9207F-CD57-4789-AD21-30132E541FB6}.Debug|Any CPU.ActiveCfg = Debug|Any CPU
		{72E9207F-CD57-4789-AD21-30132E541FB6}.Debug|Any CPU.Build.0 = Debug|Any CPU
		{72E9207F-CD57-4789-AD21-30132E541FB6}.Release|Any CPU.ActiveCfg = Release|Any CPU
		{72E9207F-CD57-4789-AD21-30132E541FB6}.Release|Any CPU.Build.0 = Release|Any CPU
		{5061BC1D-0C9E-4050-A51E-593B5C16D398}.Debug_Unity|Any CPU.ActiveCfg = Debug|Any CPU
		{5061BC1D-0C9E-4050-A51E-593B5C16D398}.Debug_Unity|Any CPU.Build.0 = Debug|Any CPU
		{5061BC1D-0C9E-4050-A51E-593B5C16D398}.Debug|Any CPU.ActiveCfg = Debug|Any CPU
		{5061BC1D-0C9E-4050-A51E-593B5C16D398}.Debug|Any CPU.Build.0 = Debug|Any CPU
		{5061BC1D-0C9E-4050-A51E-593B5C16D398}.Release|Any CPU.ActiveCfg = Release|Any CPU
		{5061BC1D-0C9E-4050-A51E-593B5C16D398}.Release|Any CPU.Build.0 = Release|Any CPU
		{9E558B9C-1A42-4D5B-9C3A-9B443EC86835}.Debug_Unity|Any CPU.ActiveCfg = Debug|Any CPU
		{9E558B9C-1A42-4D5B-9C3A-9B443EC86835}.Debug_Unity|Any CPU.Build.0 = Debug|Any CPU
		{9E558B9C-1A42-4D5B-9C3A-9B443EC86835}.Debug|Any CPU.ActiveCfg = Debug|Any CPU
		{9E558B9C-1A42-4D5B-9C3A-9B443EC86835}.Debug|Any CPU.Build.0 = Debug|Any CPU
		{9E558B9C-1A42-4D5B-9C3A-9B443EC86835}.Release|Any CPU.ActiveCfg = Release|Any CPU
		{9E558B9C-1A42-4D5B-9C3A-9B443EC86835}.Release|Any CPU.Build.0 = Release|Any CPU
	EndGlobalSection
	GlobalSection(SolutionProperties) = preSolution
		HideSolutionNode = FALSE
	EndGlobalSection
	GlobalSection(NestedProjects) = preSolution
		{2F28AA04-316D-4C20-BF46-987D4A59691D} = {2C0B4D19-4D23-4793-8627-4E72FE94243F}
		{A4CFCE46-BDA8-4416-A1BB-77BD80514019} = {2C0B4D19-4D23-4793-8627-4E72FE94243F}
		{E51E2098-C578-4637-807C-F67067A54535} = {2C0B4D19-4D23-4793-8627-4E72FE94243F}
		{485F551D-9155-4982-B653-F8D4EAC2FCA1} = {2C0B4D19-4D23-4793-8627-4E72FE94243F}
		{6CB4CDE6-4405-40E6-8BDF-5A2E9185CC04} = {2C0B4D19-4D23-4793-8627-4E72FE94243F}
		{D4580866-2273-4E9B-BE70-4FA2AB11434A} = {2C0B4D19-4D23-4793-8627-4E72FE94243F}
		{72E9207F-CD57-4789-AD21-30132E541FB6} = {96CF9E09-80D6-4232-9952-CEC23ECE61FB}
		{5061BC1D-0C9E-4050-A51E-593B5C16D398} = {96CF9E09-80D6-4232-9952-CEC23ECE61FB}
		{9E558B9C-1A42-4D5B-9C3A-9B443EC86835} = {96CF9E09-80D6-4232-9952-CEC23ECE61FB}
	EndGlobalSection
EndGlobal
