
Microsoft Visual Studio Solution File, Format Version 12.00
# Visual Studio Version 16
VisualStudioVersion = 16.0.28803.352
MinimumVisualStudioVersion = 10.0.40219.1
Project("{2150E333-8FDC-42A3-9474-1A3956D46DE8}") = "Lib", "Lib", "{3ABC1972-9D34-43E4-A4AF-D5E461756636}"
EndProject
Project("{FAE04EC0-301F-11D3-BF4B-00C04F79EFBC}") = "Regulus.Library", "Library\PureLib\Regulus.Library.csproj", "{2F28AA04-316D-4C20-BF46-987D4A59691D}"
EndProject
Project("{FAE04EC0-301F-11D3-BF4B-00C04F79EFBC}") = "Regulus.Remote.Ghost", "Library\RemotingNativeGhost\Regulus.Remote.Ghost.csproj", "{6CB4CDE6-4405-40E6-8BDF-5A2E9185CC04}"
EndProject
Project("{FAE04EC0-301F-11D3-BF4B-00C04F79EFBC}") = "Regulus.Remote.Soul", "Library\RemotingNativeSoul\Regulus.Remote.Soul.csproj", "{D4580866-2273-4E9B-BE70-4FA2AB11434A}"
EndProject
Project("{FAE04EC0-301F-11D3-BF4B-00C04F79EFBC}") = "Regulus.Remote", "Library\Remoting\Regulus.Remote.csproj", "{A4CFCE46-BDA8-4416-A1BB-77BD80514019}"
EndProject
Project("{FAE04EC0-301F-11D3-BF4B-00C04F79EFBC}") = "Regulus.Remote.Standalone", "Library\RemotingStandalong\Regulus.Remote.Standalone.csproj", "{485F551D-9155-4982-B653-F8D4EAC2FCA1}"
EndProject
Project("{2150E333-8FDC-42A3-9474-1A3956D46DE8}") = "Publish", "Publish", "{11914E66-F911-4D8A-9521-E96485F9A0AB}"
EndProject
Project("{FAE04EC0-301F-11D3-BF4B-00C04F79EFBC}") = "Regulus.Application.Protocol.Generator", "Tool\GhostProviderGenerator\Regulus.Application.Protocol.Generator.csproj", "{57CE4156-39E1-40BB-9421-0BA4AD5149A6}"
EndProject
Project("{FAE04EC0-301F-11D3-BF4B-00C04F79EFBC}") = "Regulus.Application.Server", "Tool\Server\Regulus.Application.Server.csproj", "{FAE04BC0-81CB-41C1-8B33-DDF0C6B5C318}"
EndProject
Project("{2150E333-8FDC-42A3-9474-1A3956D46DE8}") = "Test", "Test", "{5620CB5B-B184-4F34-B030-D26DFEAE3DDF}"
EndProject
Project("{FAE04EC0-301F-11D3-BF4B-00C04F79EFBC}") = "Regulus.BehaviourTree", "Library\RegulusBehaviourTree\Regulus.BehaviourTree.csproj", "{9EBEBDBA-5815-45CE-A523-1C47A47D95A6}"
EndProject
Project("{FAE04EC0-301F-11D3-BF4B-00C04F79EFBC}") = "RegulusDynamicGhostProvider", "Library\RegulusDynamicGhostProvider\RegulusDynamicGhostProvider.csproj", "{6F5730BC-0D37-49DB-861E-7D95F8AE8EA8}"
EndProject
Project("{FAE04EC0-301F-11D3-BF4B-00C04F79EFBC}") = "GhostProviderGeneratorTests", "Test\GhostProviderGeneratorTests\GhostProviderGeneratorTests.csproj", "{BF4B912A-CE3A-4046-9590-3345D77D4CFE}"
EndProject
Project("{FAE04EC0-301F-11D3-BF4B-00C04F79EFBC}") = "RegulusBehaviourTree.Tests", "Test\RegulusBehaviourTree.Tests\RegulusBehaviourTree.Tests.csproj", "{F1A98A51-D3C4-40F4-81F5-451425F9BC38}"
EndProject
Project("{FAE04EC0-301F-11D3-BF4B-00C04F79EFBC}") = "RegulusLibraryTest", "Test\PureLibTest\RegulusLibraryTest.csproj", "{1F93F34D-B41D-4D70-B49F-F8011D46F374}"
EndProject
Project("{FAE04EC0-301F-11D3-BF4B-00C04F79EFBC}") = "RemotingTest", "Test\RemotingTest\RemotingTest.csproj", "{6C5AF73B-0D73-4A15-B762-BB2E889DE4AE}"
EndProject
Project("{FAE04EC0-301F-11D3-BF4B-00C04F79EFBC}") = "RemotingTests", "Test\RemotingTests\RemotingTests.csproj", "{A7588527-3B7D-42AF-BA3C-3B948E94DCB7}"
EndProject
Project("{FAE04EC0-301F-11D3-BF4B-00C04F79EFBC}") = "Regulus.Serialization", "Library\Regulus.Serialization\Regulus.Serialization.csproj", "{8308717D-EC47-44CD-A27D-95BE5A92A36D}"
EndProject
Project("{FAE04EC0-301F-11D3-BF4B-00C04F79EFBC}") = "Regulus.Remote.Protocol", "Library\RegulusProtocol\Regulus.Remote.Protocol.csproj", "{00E8AFF8-E4D5-4327-86F1-D03379419431}"
EndProject
Project("{FAE04EC0-301F-11D3-BF4B-00C04F79EFBC}") = "Regulus.Remote.Unity", "Library\Regulus.Remoting.Unity\Regulus.Remote.Unity.csproj", "{CFA6CB4D-6EBE-49FD-B6BA-6C945BB127D4}"
EndProject
Project("{FAE04EC0-301F-11D3-BF4B-00C04F79EFBC}") = "Regulus.Application.Protocol.Unity.Generator", "Tool\Regulus.Remoting.Unity.ProtocolBuilder\Regulus.Application.Protocol.Unity.Generator.csproj", "{0224F99C-EA58-442A-B295-2AFE827E0AE2}"
EndProject
Project("{FAE04EC0-301F-11D3-BF4B-00C04F79EFBC}") = "RegulusProtocolTests", "Test\RegulusProtocolTests\RegulusProtocolTests.csproj", "{28A7F756-C50D-4E56-AD3C-8C8C27711115}"
EndProject
Project("{FAE04EC0-301F-11D3-BF4B-00C04F79EFBC}") = "Regulus.SerializationTests", "Test\Regulus.SerializationTests\Regulus.SerializationTests.csproj", "{EEC08EA7-AFA7-407A-A47C-5E4F3057743A}"
EndProject
Project("{FAE04EC0-301F-11D3-BF4B-00C04F79EFBC}") = "Regulus.Network", "Library\Regulus.Network\Regulus.Network.csproj", "{A720964C-C3E0-4CB8-A81B-54A9CF7BC8DD}"
EndProject
Project("{FAE04EC0-301F-11D3-BF4B-00C04F79EFBC}") = "Regulus.Network.Tests", "Test\Regulus.Network.Tests\Regulus.Network.Tests.csproj", "{EF1E4708-06FD-4F41-BDFD-3083E1DA09F2}"
EndProject
Project("{FAE04EC0-301F-11D3-BF4B-00C04F79EFBC}") = "Regulus.Network.Tests.TestTool", "Test\Regulus.Network.Tests.TestTool\Regulus.Network.Tests.TestTool.csproj", "{481472C6-2353-4825-923D-5A793495D11A}"
EndProject
Project("{2150E333-8FDC-42A3-9474-1A3956D46DE8}") = "Solution Items", "Solution Items", "{EBF7DFD5-DAFB-47B5-823B-11CC7E781A92}"
	ProjectSection(SolutionItems) = preProject
		appveyor.yml = appveyor.yml
		build_package.cmd = build_package.cmd
		README.md = README.md
	EndProjectSection
EndProject
Project("{FAE04EC0-301F-11D3-BF4B-00C04F79EFBC}") = "Regulus.Lockstep", "Library\Regulus.Lockstep\Regulus.Lockstep.csproj", "{EF401E09-2C62-48EA-9D1B-16D7594D8D16}"
EndProject
Project("{FAE04EC0-301F-11D3-BF4B-00C04F79EFBC}") = "Regulus.LockstepTests", "Test\Regulus.LockstepTests\Regulus.LockstepTests.csproj", "{8AFF545B-EDEC-4D33-83EF-79979B057447}"
EndProject
Project("{FAE04EC0-301F-11D3-BF4B-00C04F79EFBC}") = "Regulus.Remote.Soul.Console", "Library\Regulus.Remoting.ConsoleRunner\Regulus.Remote.Soul.Console.csproj", "{DD716E44-FC04-42A5-85EF-ED27536A0EDA}"
EndProject
Project("{2150E333-8FDC-42A3-9474-1A3956D46DE8}") = "Shelve", "Shelve", "{85B7D196-FF2C-43AF-8026-7166F61C42FE}"
EndProject
Project("{FAE04EC0-301F-11D3-BF4B-00C04F79EFBC}") = "Regulus.Remote.Client", "Regulus.Framework.Client\Regulus.Remote.Client.csproj", "{ADB9A3EA-6DFC-4FCA-9E30-D8A561B7A9AC}"
EndProject
Project("{FAE04EC0-301F-11D3-BF4B-00C04F79EFBC}") = "Regulus.Framework.ClientTests", "Regulus.Framework.ClientTests\Regulus.Framework.ClientTests.csproj", "{AF27309F-E8BD-44A5-9EF1-7980D0C71E9E}"
EndProject
Project("{FAE04EC0-301F-11D3-BF4B-00C04F79EFBC}") = "Regulus.Remote.Server", "Regulus.Remote.Server\Regulus.Remote.Server.csproj", "{1A5565D8-F0D7-4520-B501-CC2F84D73D0D}"
EndProject
Global
	GlobalSection(SolutionConfigurationPlatforms) = preSolution
		Debug|Any CPU = Debug|Any CPU
		Debug|Mixed Platforms = Debug|Mixed Platforms
		Debug|x86 = Debug|x86
		Release|Any CPU = Release|Any CPU
		Release|Mixed Platforms = Release|Mixed Platforms
		Release|x86 = Release|x86
	EndGlobalSection
	GlobalSection(ProjectConfigurationPlatforms) = postSolution
		{2F28AA04-316D-4C20-BF46-987D4A59691D}.Debug|Any CPU.ActiveCfg = Debug|Any CPU
		{2F28AA04-316D-4C20-BF46-987D4A59691D}.Debug|Any CPU.Build.0 = Debug|Any CPU
		{2F28AA04-316D-4C20-BF46-987D4A59691D}.Debug|Mixed Platforms.ActiveCfg = Debug|Any CPU
		{2F28AA04-316D-4C20-BF46-987D4A59691D}.Debug|Mixed Platforms.Build.0 = Debug|Any CPU
		{2F28AA04-316D-4C20-BF46-987D4A59691D}.Debug|x86.ActiveCfg = Debug|Any CPU
		{2F28AA04-316D-4C20-BF46-987D4A59691D}.Debug|x86.Build.0 = Debug|Any CPU
		{2F28AA04-316D-4C20-BF46-987D4A59691D}.Release|Any CPU.ActiveCfg = Release|Any CPU
		{2F28AA04-316D-4C20-BF46-987D4A59691D}.Release|Any CPU.Build.0 = Release|Any CPU
		{2F28AA04-316D-4C20-BF46-987D4A59691D}.Release|Mixed Platforms.ActiveCfg = Release|Any CPU
		{2F28AA04-316D-4C20-BF46-987D4A59691D}.Release|Mixed Platforms.Build.0 = Release|Any CPU
		{2F28AA04-316D-4C20-BF46-987D4A59691D}.Release|x86.ActiveCfg = Release|Any CPU
		{2F28AA04-316D-4C20-BF46-987D4A59691D}.Release|x86.Build.0 = Release|Any CPU
		{6CB4CDE6-4405-40E6-8BDF-5A2E9185CC04}.Debug|Any CPU.ActiveCfg = Debug|Any CPU
		{6CB4CDE6-4405-40E6-8BDF-5A2E9185CC04}.Debug|Any CPU.Build.0 = Debug|Any CPU
		{6CB4CDE6-4405-40E6-8BDF-5A2E9185CC04}.Debug|Mixed Platforms.ActiveCfg = Debug|Any CPU
		{6CB4CDE6-4405-40E6-8BDF-5A2E9185CC04}.Debug|Mixed Platforms.Build.0 = Debug|Any CPU
		{6CB4CDE6-4405-40E6-8BDF-5A2E9185CC04}.Debug|x86.ActiveCfg = Debug|Any CPU
		{6CB4CDE6-4405-40E6-8BDF-5A2E9185CC04}.Debug|x86.Build.0 = Debug|Any CPU
		{6CB4CDE6-4405-40E6-8BDF-5A2E9185CC04}.Release|Any CPU.ActiveCfg = Release|Any CPU
		{6CB4CDE6-4405-40E6-8BDF-5A2E9185CC04}.Release|Any CPU.Build.0 = Release|Any CPU
		{6CB4CDE6-4405-40E6-8BDF-5A2E9185CC04}.Release|Mixed Platforms.ActiveCfg = Release|Any CPU
		{6CB4CDE6-4405-40E6-8BDF-5A2E9185CC04}.Release|Mixed Platforms.Build.0 = Release|Any CPU
		{6CB4CDE6-4405-40E6-8BDF-5A2E9185CC04}.Release|x86.ActiveCfg = Release|Any CPU
		{6CB4CDE6-4405-40E6-8BDF-5A2E9185CC04}.Release|x86.Build.0 = Release|Any CPU
		{D4580866-2273-4E9B-BE70-4FA2AB11434A}.Debug|Any CPU.ActiveCfg = Debug|Any CPU
		{D4580866-2273-4E9B-BE70-4FA2AB11434A}.Debug|Any CPU.Build.0 = Debug|Any CPU
		{D4580866-2273-4E9B-BE70-4FA2AB11434A}.Debug|Mixed Platforms.ActiveCfg = Debug|Any CPU
		{D4580866-2273-4E9B-BE70-4FA2AB11434A}.Debug|Mixed Platforms.Build.0 = Debug|Any CPU
		{D4580866-2273-4E9B-BE70-4FA2AB11434A}.Debug|x86.ActiveCfg = Debug|Any CPU
		{D4580866-2273-4E9B-BE70-4FA2AB11434A}.Debug|x86.Build.0 = Debug|Any CPU
		{D4580866-2273-4E9B-BE70-4FA2AB11434A}.Release|Any CPU.ActiveCfg = Release|Any CPU
		{D4580866-2273-4E9B-BE70-4FA2AB11434A}.Release|Any CPU.Build.0 = Release|Any CPU
		{D4580866-2273-4E9B-BE70-4FA2AB11434A}.Release|Mixed Platforms.ActiveCfg = Release|Any CPU
		{D4580866-2273-4E9B-BE70-4FA2AB11434A}.Release|Mixed Platforms.Build.0 = Release|Any CPU
		{D4580866-2273-4E9B-BE70-4FA2AB11434A}.Release|x86.ActiveCfg = Release|Any CPU
		{D4580866-2273-4E9B-BE70-4FA2AB11434A}.Release|x86.Build.0 = Release|Any CPU
		{A4CFCE46-BDA8-4416-A1BB-77BD80514019}.Debug|Any CPU.ActiveCfg = Debug|Any CPU
		{A4CFCE46-BDA8-4416-A1BB-77BD80514019}.Debug|Any CPU.Build.0 = Debug|Any CPU
		{A4CFCE46-BDA8-4416-A1BB-77BD80514019}.Debug|Mixed Platforms.ActiveCfg = Debug|Any CPU
		{A4CFCE46-BDA8-4416-A1BB-77BD80514019}.Debug|Mixed Platforms.Build.0 = Debug|Any CPU
		{A4CFCE46-BDA8-4416-A1BB-77BD80514019}.Debug|x86.ActiveCfg = Debug|Any CPU
		{A4CFCE46-BDA8-4416-A1BB-77BD80514019}.Debug|x86.Build.0 = Debug|Any CPU
		{A4CFCE46-BDA8-4416-A1BB-77BD80514019}.Release|Any CPU.ActiveCfg = Release|Any CPU
		{A4CFCE46-BDA8-4416-A1BB-77BD80514019}.Release|Any CPU.Build.0 = Release|Any CPU
		{A4CFCE46-BDA8-4416-A1BB-77BD80514019}.Release|Mixed Platforms.ActiveCfg = Release|Any CPU
		{A4CFCE46-BDA8-4416-A1BB-77BD80514019}.Release|Mixed Platforms.Build.0 = Release|Any CPU
		{A4CFCE46-BDA8-4416-A1BB-77BD80514019}.Release|x86.ActiveCfg = Release|Any CPU
		{A4CFCE46-BDA8-4416-A1BB-77BD80514019}.Release|x86.Build.0 = Release|Any CPU
		{485F551D-9155-4982-B653-F8D4EAC2FCA1}.Debug|Any CPU.ActiveCfg = Debug|Any CPU
		{485F551D-9155-4982-B653-F8D4EAC2FCA1}.Debug|Any CPU.Build.0 = Debug|Any CPU
		{485F551D-9155-4982-B653-F8D4EAC2FCA1}.Debug|Mixed Platforms.ActiveCfg = Debug|Any CPU
		{485F551D-9155-4982-B653-F8D4EAC2FCA1}.Debug|Mixed Platforms.Build.0 = Debug|Any CPU
		{485F551D-9155-4982-B653-F8D4EAC2FCA1}.Debug|x86.ActiveCfg = Debug|Any CPU
		{485F551D-9155-4982-B653-F8D4EAC2FCA1}.Debug|x86.Build.0 = Debug|Any CPU
		{485F551D-9155-4982-B653-F8D4EAC2FCA1}.Release|Any CPU.ActiveCfg = Release|Any CPU
		{485F551D-9155-4982-B653-F8D4EAC2FCA1}.Release|Any CPU.Build.0 = Release|Any CPU
		{485F551D-9155-4982-B653-F8D4EAC2FCA1}.Release|Mixed Platforms.ActiveCfg = Release|Any CPU
		{485F551D-9155-4982-B653-F8D4EAC2FCA1}.Release|Mixed Platforms.Build.0 = Release|Any CPU
		{485F551D-9155-4982-B653-F8D4EAC2FCA1}.Release|x86.ActiveCfg = Release|Any CPU
		{485F551D-9155-4982-B653-F8D4EAC2FCA1}.Release|x86.Build.0 = Release|Any CPU
		{57CE4156-39E1-40BB-9421-0BA4AD5149A6}.Debug|Any CPU.ActiveCfg = Debug|Any CPU
		{57CE4156-39E1-40BB-9421-0BA4AD5149A6}.Debug|Any CPU.Build.0 = Debug|Any CPU
		{57CE4156-39E1-40BB-9421-0BA4AD5149A6}.Debug|Mixed Platforms.ActiveCfg = Debug|Any CPU
		{57CE4156-39E1-40BB-9421-0BA4AD5149A6}.Debug|Mixed Platforms.Build.0 = Debug|Any CPU
		{57CE4156-39E1-40BB-9421-0BA4AD5149A6}.Debug|x86.ActiveCfg = Debug|Any CPU
		{57CE4156-39E1-40BB-9421-0BA4AD5149A6}.Debug|x86.Build.0 = Debug|Any CPU
		{57CE4156-39E1-40BB-9421-0BA4AD5149A6}.Release|Any CPU.ActiveCfg = Release|Any CPU
		{57CE4156-39E1-40BB-9421-0BA4AD5149A6}.Release|Any CPU.Build.0 = Release|Any CPU
		{57CE4156-39E1-40BB-9421-0BA4AD5149A6}.Release|Mixed Platforms.ActiveCfg = Release|Any CPU
		{57CE4156-39E1-40BB-9421-0BA4AD5149A6}.Release|Mixed Platforms.Build.0 = Release|Any CPU
		{57CE4156-39E1-40BB-9421-0BA4AD5149A6}.Release|x86.ActiveCfg = Release|Any CPU
		{57CE4156-39E1-40BB-9421-0BA4AD5149A6}.Release|x86.Build.0 = Release|Any CPU
		{FAE04BC0-81CB-41C1-8B33-DDF0C6B5C318}.Debug|Any CPU.ActiveCfg = Debug|Any CPU
		{FAE04BC0-81CB-41C1-8B33-DDF0C6B5C318}.Debug|Any CPU.Build.0 = Debug|Any CPU
		{FAE04BC0-81CB-41C1-8B33-DDF0C6B5C318}.Debug|Mixed Platforms.ActiveCfg = Debug|Any CPU
		{FAE04BC0-81CB-41C1-8B33-DDF0C6B5C318}.Debug|Mixed Platforms.Build.0 = Debug|Any CPU
		{FAE04BC0-81CB-41C1-8B33-DDF0C6B5C318}.Debug|x86.ActiveCfg = Debug|Any CPU
		{FAE04BC0-81CB-41C1-8B33-DDF0C6B5C318}.Debug|x86.Build.0 = Debug|Any CPU
		{FAE04BC0-81CB-41C1-8B33-DDF0C6B5C318}.Release|Any CPU.ActiveCfg = Release|Any CPU
		{FAE04BC0-81CB-41C1-8B33-DDF0C6B5C318}.Release|Any CPU.Build.0 = Release|Any CPU
		{FAE04BC0-81CB-41C1-8B33-DDF0C6B5C318}.Release|Mixed Platforms.ActiveCfg = Release|Any CPU
		{FAE04BC0-81CB-41C1-8B33-DDF0C6B5C318}.Release|Mixed Platforms.Build.0 = Release|Any CPU
		{FAE04BC0-81CB-41C1-8B33-DDF0C6B5C318}.Release|x86.ActiveCfg = Release|Any CPU
		{FAE04BC0-81CB-41C1-8B33-DDF0C6B5C318}.Release|x86.Build.0 = Release|Any CPU
		{9EBEBDBA-5815-45CE-A523-1C47A47D95A6}.Debug|Any CPU.ActiveCfg = Debug|Any CPU
		{9EBEBDBA-5815-45CE-A523-1C47A47D95A6}.Debug|Any CPU.Build.0 = Debug|Any CPU
		{9EBEBDBA-5815-45CE-A523-1C47A47D95A6}.Debug|Mixed Platforms.ActiveCfg = Debug|Any CPU
		{9EBEBDBA-5815-45CE-A523-1C47A47D95A6}.Debug|Mixed Platforms.Build.0 = Debug|Any CPU
		{9EBEBDBA-5815-45CE-A523-1C47A47D95A6}.Debug|x86.ActiveCfg = Debug|Any CPU
		{9EBEBDBA-5815-45CE-A523-1C47A47D95A6}.Debug|x86.Build.0 = Debug|Any CPU
		{9EBEBDBA-5815-45CE-A523-1C47A47D95A6}.Release|Any CPU.ActiveCfg = Release|Any CPU
		{9EBEBDBA-5815-45CE-A523-1C47A47D95A6}.Release|Any CPU.Build.0 = Release|Any CPU
		{9EBEBDBA-5815-45CE-A523-1C47A47D95A6}.Release|Mixed Platforms.ActiveCfg = Release|Any CPU
		{9EBEBDBA-5815-45CE-A523-1C47A47D95A6}.Release|Mixed Platforms.Build.0 = Release|Any CPU
		{9EBEBDBA-5815-45CE-A523-1C47A47D95A6}.Release|x86.ActiveCfg = Release|Any CPU
		{9EBEBDBA-5815-45CE-A523-1C47A47D95A6}.Release|x86.Build.0 = Release|Any CPU
		{6F5730BC-0D37-49DB-861E-7D95F8AE8EA8}.Debug|Any CPU.ActiveCfg = Debug|Any CPU
		{6F5730BC-0D37-49DB-861E-7D95F8AE8EA8}.Debug|Any CPU.Build.0 = Debug|Any CPU
		{6F5730BC-0D37-49DB-861E-7D95F8AE8EA8}.Debug|Mixed Platforms.ActiveCfg = Debug|Any CPU
		{6F5730BC-0D37-49DB-861E-7D95F8AE8EA8}.Debug|Mixed Platforms.Build.0 = Debug|Any CPU
		{6F5730BC-0D37-49DB-861E-7D95F8AE8EA8}.Debug|x86.ActiveCfg = Debug|Any CPU
		{6F5730BC-0D37-49DB-861E-7D95F8AE8EA8}.Debug|x86.Build.0 = Debug|Any CPU
		{6F5730BC-0D37-49DB-861E-7D95F8AE8EA8}.Release|Any CPU.ActiveCfg = Release|Any CPU
		{6F5730BC-0D37-49DB-861E-7D95F8AE8EA8}.Release|Any CPU.Build.0 = Release|Any CPU
		{6F5730BC-0D37-49DB-861E-7D95F8AE8EA8}.Release|Mixed Platforms.ActiveCfg = Release|Any CPU
		{6F5730BC-0D37-49DB-861E-7D95F8AE8EA8}.Release|Mixed Platforms.Build.0 = Release|Any CPU
		{6F5730BC-0D37-49DB-861E-7D95F8AE8EA8}.Release|x86.ActiveCfg = Release|Any CPU
		{6F5730BC-0D37-49DB-861E-7D95F8AE8EA8}.Release|x86.Build.0 = Release|Any CPU
		{BF4B912A-CE3A-4046-9590-3345D77D4CFE}.Debug|Any CPU.ActiveCfg = Debug|Any CPU
		{BF4B912A-CE3A-4046-9590-3345D77D4CFE}.Debug|Any CPU.Build.0 = Debug|Any CPU
		{BF4B912A-CE3A-4046-9590-3345D77D4CFE}.Debug|Mixed Platforms.ActiveCfg = Debug|Any CPU
		{BF4B912A-CE3A-4046-9590-3345D77D4CFE}.Debug|Mixed Platforms.Build.0 = Debug|Any CPU
		{BF4B912A-CE3A-4046-9590-3345D77D4CFE}.Debug|x86.ActiveCfg = Debug|Any CPU
		{BF4B912A-CE3A-4046-9590-3345D77D4CFE}.Debug|x86.Build.0 = Debug|Any CPU
		{BF4B912A-CE3A-4046-9590-3345D77D4CFE}.Release|Any CPU.ActiveCfg = Release|Any CPU
		{BF4B912A-CE3A-4046-9590-3345D77D4CFE}.Release|Any CPU.Build.0 = Release|Any CPU
		{BF4B912A-CE3A-4046-9590-3345D77D4CFE}.Release|Mixed Platforms.ActiveCfg = Release|Any CPU
		{BF4B912A-CE3A-4046-9590-3345D77D4CFE}.Release|Mixed Platforms.Build.0 = Release|Any CPU
		{BF4B912A-CE3A-4046-9590-3345D77D4CFE}.Release|x86.ActiveCfg = Release|Any CPU
		{BF4B912A-CE3A-4046-9590-3345D77D4CFE}.Release|x86.Build.0 = Release|Any CPU
		{F1A98A51-D3C4-40F4-81F5-451425F9BC38}.Debug|Any CPU.ActiveCfg = Debug|Any CPU
		{F1A98A51-D3C4-40F4-81F5-451425F9BC38}.Debug|Any CPU.Build.0 = Debug|Any CPU
		{F1A98A51-D3C4-40F4-81F5-451425F9BC38}.Debug|Mixed Platforms.ActiveCfg = Debug|Any CPU
		{F1A98A51-D3C4-40F4-81F5-451425F9BC38}.Debug|Mixed Platforms.Build.0 = Debug|Any CPU
		{F1A98A51-D3C4-40F4-81F5-451425F9BC38}.Debug|x86.ActiveCfg = Debug|Any CPU
		{F1A98A51-D3C4-40F4-81F5-451425F9BC38}.Debug|x86.Build.0 = Debug|Any CPU
		{F1A98A51-D3C4-40F4-81F5-451425F9BC38}.Release|Any CPU.ActiveCfg = Release|Any CPU
		{F1A98A51-D3C4-40F4-81F5-451425F9BC38}.Release|Any CPU.Build.0 = Release|Any CPU
		{F1A98A51-D3C4-40F4-81F5-451425F9BC38}.Release|Mixed Platforms.ActiveCfg = Release|Any CPU
		{F1A98A51-D3C4-40F4-81F5-451425F9BC38}.Release|Mixed Platforms.Build.0 = Release|Any CPU
		{F1A98A51-D3C4-40F4-81F5-451425F9BC38}.Release|x86.ActiveCfg = Release|Any CPU
		{F1A98A51-D3C4-40F4-81F5-451425F9BC38}.Release|x86.Build.0 = Release|Any CPU
		{1F93F34D-B41D-4D70-B49F-F8011D46F374}.Debug|Any CPU.ActiveCfg = Debug|Any CPU
		{1F93F34D-B41D-4D70-B49F-F8011D46F374}.Debug|Any CPU.Build.0 = Debug|Any CPU
		{1F93F34D-B41D-4D70-B49F-F8011D46F374}.Debug|Mixed Platforms.ActiveCfg = Debug|Any CPU
		{1F93F34D-B41D-4D70-B49F-F8011D46F374}.Debug|Mixed Platforms.Build.0 = Debug|Any CPU
		{1F93F34D-B41D-4D70-B49F-F8011D46F374}.Debug|x86.ActiveCfg = Debug|Any CPU
		{1F93F34D-B41D-4D70-B49F-F8011D46F374}.Debug|x86.Build.0 = Debug|Any CPU
		{1F93F34D-B41D-4D70-B49F-F8011D46F374}.Release|Any CPU.ActiveCfg = Release|Any CPU
		{1F93F34D-B41D-4D70-B49F-F8011D46F374}.Release|Any CPU.Build.0 = Release|Any CPU
		{1F93F34D-B41D-4D70-B49F-F8011D46F374}.Release|Mixed Platforms.ActiveCfg = Release|Any CPU
		{1F93F34D-B41D-4D70-B49F-F8011D46F374}.Release|Mixed Platforms.Build.0 = Release|Any CPU
		{1F93F34D-B41D-4D70-B49F-F8011D46F374}.Release|x86.ActiveCfg = Release|Any CPU
		{1F93F34D-B41D-4D70-B49F-F8011D46F374}.Release|x86.Build.0 = Release|Any CPU
		{6C5AF73B-0D73-4A15-B762-BB2E889DE4AE}.Debug|Any CPU.ActiveCfg = Debug|Any CPU
		{6C5AF73B-0D73-4A15-B762-BB2E889DE4AE}.Debug|Any CPU.Build.0 = Debug|Any CPU
		{6C5AF73B-0D73-4A15-B762-BB2E889DE4AE}.Debug|Mixed Platforms.ActiveCfg = Debug|Any CPU
		{6C5AF73B-0D73-4A15-B762-BB2E889DE4AE}.Debug|Mixed Platforms.Build.0 = Debug|Any CPU
		{6C5AF73B-0D73-4A15-B762-BB2E889DE4AE}.Debug|x86.ActiveCfg = Debug|Any CPU
		{6C5AF73B-0D73-4A15-B762-BB2E889DE4AE}.Debug|x86.Build.0 = Debug|Any CPU
		{6C5AF73B-0D73-4A15-B762-BB2E889DE4AE}.Release|Any CPU.ActiveCfg = Release|Any CPU
		{6C5AF73B-0D73-4A15-B762-BB2E889DE4AE}.Release|Any CPU.Build.0 = Release|Any CPU
		{6C5AF73B-0D73-4A15-B762-BB2E889DE4AE}.Release|Mixed Platforms.ActiveCfg = Release|Any CPU
		{6C5AF73B-0D73-4A15-B762-BB2E889DE4AE}.Release|Mixed Platforms.Build.0 = Release|Any CPU
		{6C5AF73B-0D73-4A15-B762-BB2E889DE4AE}.Release|x86.ActiveCfg = Release|Any CPU
		{6C5AF73B-0D73-4A15-B762-BB2E889DE4AE}.Release|x86.Build.0 = Release|Any CPU
		{A7588527-3B7D-42AF-BA3C-3B948E94DCB7}.Debug|Any CPU.ActiveCfg = Debug|Any CPU
		{A7588527-3B7D-42AF-BA3C-3B948E94DCB7}.Debug|Any CPU.Build.0 = Debug|Any CPU
		{A7588527-3B7D-42AF-BA3C-3B948E94DCB7}.Debug|Mixed Platforms.ActiveCfg = Debug|Any CPU
		{A7588527-3B7D-42AF-BA3C-3B948E94DCB7}.Debug|Mixed Platforms.Build.0 = Debug|Any CPU
		{A7588527-3B7D-42AF-BA3C-3B948E94DCB7}.Debug|x86.ActiveCfg = Debug|Any CPU
		{A7588527-3B7D-42AF-BA3C-3B948E94DCB7}.Debug|x86.Build.0 = Debug|Any CPU
		{A7588527-3B7D-42AF-BA3C-3B948E94DCB7}.Release|Any CPU.ActiveCfg = Release|Any CPU
		{A7588527-3B7D-42AF-BA3C-3B948E94DCB7}.Release|Any CPU.Build.0 = Release|Any CPU
		{A7588527-3B7D-42AF-BA3C-3B948E94DCB7}.Release|Mixed Platforms.ActiveCfg = Release|Any CPU
		{A7588527-3B7D-42AF-BA3C-3B948E94DCB7}.Release|Mixed Platforms.Build.0 = Release|Any CPU
		{A7588527-3B7D-42AF-BA3C-3B948E94DCB7}.Release|x86.ActiveCfg = Release|Any CPU
		{A7588527-3B7D-42AF-BA3C-3B948E94DCB7}.Release|x86.Build.0 = Release|Any CPU
		{8308717D-EC47-44CD-A27D-95BE5A92A36D}.Debug|Any CPU.ActiveCfg = Debug|Any CPU
		{8308717D-EC47-44CD-A27D-95BE5A92A36D}.Debug|Any CPU.Build.0 = Debug|Any CPU
		{8308717D-EC47-44CD-A27D-95BE5A92A36D}.Debug|Mixed Platforms.ActiveCfg = Debug|Any CPU
		{8308717D-EC47-44CD-A27D-95BE5A92A36D}.Debug|Mixed Platforms.Build.0 = Debug|Any CPU
		{8308717D-EC47-44CD-A27D-95BE5A92A36D}.Debug|x86.ActiveCfg = Debug|Any CPU
		{8308717D-EC47-44CD-A27D-95BE5A92A36D}.Debug|x86.Build.0 = Debug|Any CPU
		{8308717D-EC47-44CD-A27D-95BE5A92A36D}.Release|Any CPU.ActiveCfg = Release|Any CPU
		{8308717D-EC47-44CD-A27D-95BE5A92A36D}.Release|Any CPU.Build.0 = Release|Any CPU
		{8308717D-EC47-44CD-A27D-95BE5A92A36D}.Release|Mixed Platforms.ActiveCfg = Release|Any CPU
		{8308717D-EC47-44CD-A27D-95BE5A92A36D}.Release|Mixed Platforms.Build.0 = Release|Any CPU
		{8308717D-EC47-44CD-A27D-95BE5A92A36D}.Release|x86.ActiveCfg = Release|Any CPU
		{8308717D-EC47-44CD-A27D-95BE5A92A36D}.Release|x86.Build.0 = Release|Any CPU
		{00E8AFF8-E4D5-4327-86F1-D03379419431}.Debug|Any CPU.ActiveCfg = Debug|Any CPU
		{00E8AFF8-E4D5-4327-86F1-D03379419431}.Debug|Any CPU.Build.0 = Debug|Any CPU
		{00E8AFF8-E4D5-4327-86F1-D03379419431}.Debug|Mixed Platforms.ActiveCfg = Debug|Any CPU
		{00E8AFF8-E4D5-4327-86F1-D03379419431}.Debug|Mixed Platforms.Build.0 = Debug|Any CPU
		{00E8AFF8-E4D5-4327-86F1-D03379419431}.Debug|x86.ActiveCfg = Debug|Any CPU
		{00E8AFF8-E4D5-4327-86F1-D03379419431}.Debug|x86.Build.0 = Debug|Any CPU
		{00E8AFF8-E4D5-4327-86F1-D03379419431}.Release|Any CPU.ActiveCfg = Release|Any CPU
		{00E8AFF8-E4D5-4327-86F1-D03379419431}.Release|Any CPU.Build.0 = Release|Any CPU
		{00E8AFF8-E4D5-4327-86F1-D03379419431}.Release|Mixed Platforms.ActiveCfg = Release|Any CPU
		{00E8AFF8-E4D5-4327-86F1-D03379419431}.Release|Mixed Platforms.Build.0 = Release|Any CPU
		{00E8AFF8-E4D5-4327-86F1-D03379419431}.Release|x86.ActiveCfg = Release|Any CPU
		{00E8AFF8-E4D5-4327-86F1-D03379419431}.Release|x86.Build.0 = Release|Any CPU
		{CFA6CB4D-6EBE-49FD-B6BA-6C945BB127D4}.Debug|Any CPU.ActiveCfg = Debug|Any CPU
		{CFA6CB4D-6EBE-49FD-B6BA-6C945BB127D4}.Debug|Any CPU.Build.0 = Debug|Any CPU
		{CFA6CB4D-6EBE-49FD-B6BA-6C945BB127D4}.Debug|Mixed Platforms.ActiveCfg = Debug|Any CPU
		{CFA6CB4D-6EBE-49FD-B6BA-6C945BB127D4}.Debug|Mixed Platforms.Build.0 = Debug|Any CPU
		{CFA6CB4D-6EBE-49FD-B6BA-6C945BB127D4}.Debug|x86.ActiveCfg = Debug|Any CPU
		{CFA6CB4D-6EBE-49FD-B6BA-6C945BB127D4}.Debug|x86.Build.0 = Debug|Any CPU
		{CFA6CB4D-6EBE-49FD-B6BA-6C945BB127D4}.Release|Any CPU.ActiveCfg = Release|Any CPU
		{CFA6CB4D-6EBE-49FD-B6BA-6C945BB127D4}.Release|Any CPU.Build.0 = Release|Any CPU
		{CFA6CB4D-6EBE-49FD-B6BA-6C945BB127D4}.Release|Mixed Platforms.ActiveCfg = Release|Any CPU
		{CFA6CB4D-6EBE-49FD-B6BA-6C945BB127D4}.Release|Mixed Platforms.Build.0 = Release|Any CPU
		{CFA6CB4D-6EBE-49FD-B6BA-6C945BB127D4}.Release|x86.ActiveCfg = Release|Any CPU
		{CFA6CB4D-6EBE-49FD-B6BA-6C945BB127D4}.Release|x86.Build.0 = Release|Any CPU
		{0224F99C-EA58-442A-B295-2AFE827E0AE2}.Debug|Any CPU.ActiveCfg = Debug|Any CPU
		{0224F99C-EA58-442A-B295-2AFE827E0AE2}.Debug|Any CPU.Build.0 = Debug|Any CPU
		{0224F99C-EA58-442A-B295-2AFE827E0AE2}.Debug|Mixed Platforms.ActiveCfg = Debug|Any CPU
		{0224F99C-EA58-442A-B295-2AFE827E0AE2}.Debug|Mixed Platforms.Build.0 = Debug|Any CPU
		{0224F99C-EA58-442A-B295-2AFE827E0AE2}.Debug|x86.ActiveCfg = Debug|Any CPU
		{0224F99C-EA58-442A-B295-2AFE827E0AE2}.Debug|x86.Build.0 = Debug|Any CPU
		{0224F99C-EA58-442A-B295-2AFE827E0AE2}.Release|Any CPU.ActiveCfg = Release|Any CPU
		{0224F99C-EA58-442A-B295-2AFE827E0AE2}.Release|Any CPU.Build.0 = Release|Any CPU
		{0224F99C-EA58-442A-B295-2AFE827E0AE2}.Release|Mixed Platforms.ActiveCfg = Release|Any CPU
		{0224F99C-EA58-442A-B295-2AFE827E0AE2}.Release|Mixed Platforms.Build.0 = Release|Any CPU
		{0224F99C-EA58-442A-B295-2AFE827E0AE2}.Release|x86.ActiveCfg = Release|Any CPU
		{0224F99C-EA58-442A-B295-2AFE827E0AE2}.Release|x86.Build.0 = Release|Any CPU
		{28A7F756-C50D-4E56-AD3C-8C8C27711115}.Debug|Any CPU.ActiveCfg = Debug|Any CPU
		{28A7F756-C50D-4E56-AD3C-8C8C27711115}.Debug|Any CPU.Build.0 = Debug|Any CPU
		{28A7F756-C50D-4E56-AD3C-8C8C27711115}.Debug|Mixed Platforms.ActiveCfg = Debug|Any CPU
		{28A7F756-C50D-4E56-AD3C-8C8C27711115}.Debug|Mixed Platforms.Build.0 = Debug|Any CPU
		{28A7F756-C50D-4E56-AD3C-8C8C27711115}.Debug|x86.ActiveCfg = Debug|Any CPU
		{28A7F756-C50D-4E56-AD3C-8C8C27711115}.Debug|x86.Build.0 = Debug|Any CPU
		{28A7F756-C50D-4E56-AD3C-8C8C27711115}.Release|Any CPU.ActiveCfg = Release|Any CPU
		{28A7F756-C50D-4E56-AD3C-8C8C27711115}.Release|Any CPU.Build.0 = Release|Any CPU
		{28A7F756-C50D-4E56-AD3C-8C8C27711115}.Release|Mixed Platforms.ActiveCfg = Release|Any CPU
		{28A7F756-C50D-4E56-AD3C-8C8C27711115}.Release|Mixed Platforms.Build.0 = Release|Any CPU
		{28A7F756-C50D-4E56-AD3C-8C8C27711115}.Release|x86.ActiveCfg = Release|Any CPU
		{28A7F756-C50D-4E56-AD3C-8C8C27711115}.Release|x86.Build.0 = Release|Any CPU
		{EEC08EA7-AFA7-407A-A47C-5E4F3057743A}.Debug|Any CPU.ActiveCfg = Debug|Any CPU
		{EEC08EA7-AFA7-407A-A47C-5E4F3057743A}.Debug|Any CPU.Build.0 = Debug|Any CPU
		{EEC08EA7-AFA7-407A-A47C-5E4F3057743A}.Debug|Mixed Platforms.ActiveCfg = Debug|Any CPU
		{EEC08EA7-AFA7-407A-A47C-5E4F3057743A}.Debug|Mixed Platforms.Build.0 = Debug|Any CPU
		{EEC08EA7-AFA7-407A-A47C-5E4F3057743A}.Debug|x86.ActiveCfg = Debug|Any CPU
		{EEC08EA7-AFA7-407A-A47C-5E4F3057743A}.Debug|x86.Build.0 = Debug|Any CPU
		{EEC08EA7-AFA7-407A-A47C-5E4F3057743A}.Release|Any CPU.ActiveCfg = Release|Any CPU
		{EEC08EA7-AFA7-407A-A47C-5E4F3057743A}.Release|Any CPU.Build.0 = Release|Any CPU
		{EEC08EA7-AFA7-407A-A47C-5E4F3057743A}.Release|Mixed Platforms.ActiveCfg = Release|Any CPU
		{EEC08EA7-AFA7-407A-A47C-5E4F3057743A}.Release|Mixed Platforms.Build.0 = Release|Any CPU
		{EEC08EA7-AFA7-407A-A47C-5E4F3057743A}.Release|x86.ActiveCfg = Release|Any CPU
		{EEC08EA7-AFA7-407A-A47C-5E4F3057743A}.Release|x86.Build.0 = Release|Any CPU
		{A720964C-C3E0-4CB8-A81B-54A9CF7BC8DD}.Debug|Any CPU.ActiveCfg = Debug|Any CPU
		{A720964C-C3E0-4CB8-A81B-54A9CF7BC8DD}.Debug|Any CPU.Build.0 = Debug|Any CPU
		{A720964C-C3E0-4CB8-A81B-54A9CF7BC8DD}.Debug|Mixed Platforms.ActiveCfg = Debug|Any CPU
		{A720964C-C3E0-4CB8-A81B-54A9CF7BC8DD}.Debug|Mixed Platforms.Build.0 = Debug|Any CPU
		{A720964C-C3E0-4CB8-A81B-54A9CF7BC8DD}.Debug|x86.ActiveCfg = Debug|Any CPU
		{A720964C-C3E0-4CB8-A81B-54A9CF7BC8DD}.Debug|x86.Build.0 = Debug|Any CPU
		{A720964C-C3E0-4CB8-A81B-54A9CF7BC8DD}.Release|Any CPU.ActiveCfg = Release|Any CPU
		{A720964C-C3E0-4CB8-A81B-54A9CF7BC8DD}.Release|Any CPU.Build.0 = Release|Any CPU
		{A720964C-C3E0-4CB8-A81B-54A9CF7BC8DD}.Release|Mixed Platforms.ActiveCfg = Release|Any CPU
		{A720964C-C3E0-4CB8-A81B-54A9CF7BC8DD}.Release|Mixed Platforms.Build.0 = Release|Any CPU
		{A720964C-C3E0-4CB8-A81B-54A9CF7BC8DD}.Release|x86.ActiveCfg = Release|Any CPU
		{A720964C-C3E0-4CB8-A81B-54A9CF7BC8DD}.Release|x86.Build.0 = Release|Any CPU
		{EF1E4708-06FD-4F41-BDFD-3083E1DA09F2}.Debug|Any CPU.ActiveCfg = Debug|Any CPU
		{EF1E4708-06FD-4F41-BDFD-3083E1DA09F2}.Debug|Any CPU.Build.0 = Debug|Any CPU
		{EF1E4708-06FD-4F41-BDFD-3083E1DA09F2}.Debug|Mixed Platforms.ActiveCfg = Debug|Any CPU
		{EF1E4708-06FD-4F41-BDFD-3083E1DA09F2}.Debug|Mixed Platforms.Build.0 = Debug|Any CPU
		{EF1E4708-06FD-4F41-BDFD-3083E1DA09F2}.Debug|x86.ActiveCfg = Debug|Any CPU
		{EF1E4708-06FD-4F41-BDFD-3083E1DA09F2}.Debug|x86.Build.0 = Debug|Any CPU
		{EF1E4708-06FD-4F41-BDFD-3083E1DA09F2}.Release|Any CPU.ActiveCfg = Release|Any CPU
		{EF1E4708-06FD-4F41-BDFD-3083E1DA09F2}.Release|Any CPU.Build.0 = Release|Any CPU
		{EF1E4708-06FD-4F41-BDFD-3083E1DA09F2}.Release|Mixed Platforms.ActiveCfg = Release|Any CPU
		{EF1E4708-06FD-4F41-BDFD-3083E1DA09F2}.Release|Mixed Platforms.Build.0 = Release|Any CPU
		{EF1E4708-06FD-4F41-BDFD-3083E1DA09F2}.Release|x86.ActiveCfg = Release|Any CPU
		{EF1E4708-06FD-4F41-BDFD-3083E1DA09F2}.Release|x86.Build.0 = Release|Any CPU
		{481472C6-2353-4825-923D-5A793495D11A}.Debug|Any CPU.ActiveCfg = Debug|Any CPU
		{481472C6-2353-4825-923D-5A793495D11A}.Debug|Any CPU.Build.0 = Debug|Any CPU
		{481472C6-2353-4825-923D-5A793495D11A}.Debug|Mixed Platforms.ActiveCfg = Debug|Any CPU
		{481472C6-2353-4825-923D-5A793495D11A}.Debug|Mixed Platforms.Build.0 = Debug|Any CPU
		{481472C6-2353-4825-923D-5A793495D11A}.Debug|x86.ActiveCfg = Debug|Any CPU
		{481472C6-2353-4825-923D-5A793495D11A}.Debug|x86.Build.0 = Debug|Any CPU
		{481472C6-2353-4825-923D-5A793495D11A}.Release|Any CPU.ActiveCfg = Release|Any CPU
		{481472C6-2353-4825-923D-5A793495D11A}.Release|Any CPU.Build.0 = Release|Any CPU
		{481472C6-2353-4825-923D-5A793495D11A}.Release|Mixed Platforms.ActiveCfg = Release|Any CPU
		{481472C6-2353-4825-923D-5A793495D11A}.Release|Mixed Platforms.Build.0 = Release|Any CPU
		{481472C6-2353-4825-923D-5A793495D11A}.Release|x86.ActiveCfg = Release|Any CPU
		{481472C6-2353-4825-923D-5A793495D11A}.Release|x86.Build.0 = Release|Any CPU
		{EF401E09-2C62-48EA-9D1B-16D7594D8D16}.Debug|Any CPU.ActiveCfg = Debug|Any CPU
		{EF401E09-2C62-48EA-9D1B-16D7594D8D16}.Debug|Any CPU.Build.0 = Debug|Any CPU
		{EF401E09-2C62-48EA-9D1B-16D7594D8D16}.Debug|Mixed Platforms.ActiveCfg = Debug|Any CPU
		{EF401E09-2C62-48EA-9D1B-16D7594D8D16}.Debug|Mixed Platforms.Build.0 = Debug|Any CPU
		{EF401E09-2C62-48EA-9D1B-16D7594D8D16}.Debug|x86.ActiveCfg = Debug|Any CPU
		{EF401E09-2C62-48EA-9D1B-16D7594D8D16}.Debug|x86.Build.0 = Debug|Any CPU
		{EF401E09-2C62-48EA-9D1B-16D7594D8D16}.Release|Any CPU.ActiveCfg = Release|Any CPU
		{EF401E09-2C62-48EA-9D1B-16D7594D8D16}.Release|Any CPU.Build.0 = Release|Any CPU
		{EF401E09-2C62-48EA-9D1B-16D7594D8D16}.Release|Mixed Platforms.ActiveCfg = Release|Any CPU
		{EF401E09-2C62-48EA-9D1B-16D7594D8D16}.Release|Mixed Platforms.Build.0 = Release|Any CPU
		{EF401E09-2C62-48EA-9D1B-16D7594D8D16}.Release|x86.ActiveCfg = Release|Any CPU
		{EF401E09-2C62-48EA-9D1B-16D7594D8D16}.Release|x86.Build.0 = Release|Any CPU
		{8AFF545B-EDEC-4D33-83EF-79979B057447}.Debug|Any CPU.ActiveCfg = Debug|Any CPU
		{8AFF545B-EDEC-4D33-83EF-79979B057447}.Debug|Any CPU.Build.0 = Debug|Any CPU
		{8AFF545B-EDEC-4D33-83EF-79979B057447}.Debug|Mixed Platforms.ActiveCfg = Debug|Any CPU
		{8AFF545B-EDEC-4D33-83EF-79979B057447}.Debug|Mixed Platforms.Build.0 = Debug|Any CPU
		{8AFF545B-EDEC-4D33-83EF-79979B057447}.Debug|x86.ActiveCfg = Debug|Any CPU
		{8AFF545B-EDEC-4D33-83EF-79979B057447}.Debug|x86.Build.0 = Debug|Any CPU
		{8AFF545B-EDEC-4D33-83EF-79979B057447}.Release|Any CPU.ActiveCfg = Release|Any CPU
		{8AFF545B-EDEC-4D33-83EF-79979B057447}.Release|Any CPU.Build.0 = Release|Any CPU
		{8AFF545B-EDEC-4D33-83EF-79979B057447}.Release|Mixed Platforms.ActiveCfg = Release|Any CPU
		{8AFF545B-EDEC-4D33-83EF-79979B057447}.Release|Mixed Platforms.Build.0 = Release|Any CPU
		{8AFF545B-EDEC-4D33-83EF-79979B057447}.Release|x86.ActiveCfg = Release|Any CPU
		{8AFF545B-EDEC-4D33-83EF-79979B057447}.Release|x86.Build.0 = Release|Any CPU
		{DD716E44-FC04-42A5-85EF-ED27536A0EDA}.Debug|Any CPU.ActiveCfg = Debug|Any CPU
		{DD716E44-FC04-42A5-85EF-ED27536A0EDA}.Debug|Any CPU.Build.0 = Debug|Any CPU
		{DD716E44-FC04-42A5-85EF-ED27536A0EDA}.Debug|Mixed Platforms.ActiveCfg = Debug|Any CPU
		{DD716E44-FC04-42A5-85EF-ED27536A0EDA}.Debug|Mixed Platforms.Build.0 = Debug|Any CPU
		{DD716E44-FC04-42A5-85EF-ED27536A0EDA}.Debug|x86.ActiveCfg = Debug|Any CPU
		{DD716E44-FC04-42A5-85EF-ED27536A0EDA}.Debug|x86.Build.0 = Debug|Any CPU
		{DD716E44-FC04-42A5-85EF-ED27536A0EDA}.Release|Any CPU.ActiveCfg = Release|Any CPU
		{DD716E44-FC04-42A5-85EF-ED27536A0EDA}.Release|Any CPU.Build.0 = Release|Any CPU
		{DD716E44-FC04-42A5-85EF-ED27536A0EDA}.Release|Mixed Platforms.ActiveCfg = Release|Any CPU
		{DD716E44-FC04-42A5-85EF-ED27536A0EDA}.Release|Mixed Platforms.Build.0 = Release|Any CPU
		{DD716E44-FC04-42A5-85EF-ED27536A0EDA}.Release|x86.ActiveCfg = Release|Any CPU
		{DD716E44-FC04-42A5-85EF-ED27536A0EDA}.Release|x86.Build.0 = Release|Any CPU
		{ADB9A3EA-6DFC-4FCA-9E30-D8A561B7A9AC}.Debug|Any CPU.ActiveCfg = Debug|Any CPU
		{ADB9A3EA-6DFC-4FCA-9E30-D8A561B7A9AC}.Debug|Any CPU.Build.0 = Debug|Any CPU
		{ADB9A3EA-6DFC-4FCA-9E30-D8A561B7A9AC}.Debug|Mixed Platforms.ActiveCfg = Debug|Any CPU
		{ADB9A3EA-6DFC-4FCA-9E30-D8A561B7A9AC}.Debug|Mixed Platforms.Build.0 = Debug|Any CPU
		{ADB9A3EA-6DFC-4FCA-9E30-D8A561B7A9AC}.Debug|x86.ActiveCfg = Debug|Any CPU
		{ADB9A3EA-6DFC-4FCA-9E30-D8A561B7A9AC}.Debug|x86.Build.0 = Debug|Any CPU
		{ADB9A3EA-6DFC-4FCA-9E30-D8A561B7A9AC}.Release|Any CPU.ActiveCfg = Release|Any CPU
		{ADB9A3EA-6DFC-4FCA-9E30-D8A561B7A9AC}.Release|Any CPU.Build.0 = Release|Any CPU
		{ADB9A3EA-6DFC-4FCA-9E30-D8A561B7A9AC}.Release|Mixed Platforms.ActiveCfg = Release|Any CPU
		{ADB9A3EA-6DFC-4FCA-9E30-D8A561B7A9AC}.Release|Mixed Platforms.Build.0 = Release|Any CPU
		{ADB9A3EA-6DFC-4FCA-9E30-D8A561B7A9AC}.Release|x86.ActiveCfg = Release|Any CPU
		{ADB9A3EA-6DFC-4FCA-9E30-D8A561B7A9AC}.Release|x86.Build.0 = Release|Any CPU
		{AF27309F-E8BD-44A5-9EF1-7980D0C71E9E}.Debug|Any CPU.ActiveCfg = Debug|Any CPU
		{AF27309F-E8BD-44A5-9EF1-7980D0C71E9E}.Debug|Any CPU.Build.0 = Debug|Any CPU
		{AF27309F-E8BD-44A5-9EF1-7980D0C71E9E}.Debug|Mixed Platforms.ActiveCfg = Debug|Any CPU
		{AF27309F-E8BD-44A5-9EF1-7980D0C71E9E}.Debug|Mixed Platforms.Build.0 = Debug|Any CPU
		{AF27309F-E8BD-44A5-9EF1-7980D0C71E9E}.Debug|x86.ActiveCfg = Debug|Any CPU
		{AF27309F-E8BD-44A5-9EF1-7980D0C71E9E}.Debug|x86.Build.0 = Debug|Any CPU
		{AF27309F-E8BD-44A5-9EF1-7980D0C71E9E}.Release|Any CPU.ActiveCfg = Release|Any CPU
		{AF27309F-E8BD-44A5-9EF1-7980D0C71E9E}.Release|Any CPU.Build.0 = Release|Any CPU
		{AF27309F-E8BD-44A5-9EF1-7980D0C71E9E}.Release|Mixed Platforms.ActiveCfg = Release|Any CPU
		{AF27309F-E8BD-44A5-9EF1-7980D0C71E9E}.Release|Mixed Platforms.Build.0 = Release|Any CPU
		{AF27309F-E8BD-44A5-9EF1-7980D0C71E9E}.Release|x86.ActiveCfg = Release|Any CPU
		{AF27309F-E8BD-44A5-9EF1-7980D0C71E9E}.Release|x86.Build.0 = Release|Any CPU
		{1A5565D8-F0D7-4520-B501-CC2F84D73D0D}.Debug|Any CPU.ActiveCfg = Debug|Any CPU
		{1A5565D8-F0D7-4520-B501-CC2F84D73D0D}.Debug|Any CPU.Build.0 = Debug|Any CPU
		{1A5565D8-F0D7-4520-B501-CC2F84D73D0D}.Debug|Mixed Platforms.ActiveCfg = Debug|Any CPU
		{1A5565D8-F0D7-4520-B501-CC2F84D73D0D}.Debug|Mixed Platforms.Build.0 = Debug|Any CPU
		{1A5565D8-F0D7-4520-B501-CC2F84D73D0D}.Debug|x86.ActiveCfg = Debug|Any CPU
		{1A5565D8-F0D7-4520-B501-CC2F84D73D0D}.Debug|x86.Build.0 = Debug|Any CPU
		{1A5565D8-F0D7-4520-B501-CC2F84D73D0D}.Release|Any CPU.ActiveCfg = Release|Any CPU
		{1A5565D8-F0D7-4520-B501-CC2F84D73D0D}.Release|Any CPU.Build.0 = Release|Any CPU
		{1A5565D8-F0D7-4520-B501-CC2F84D73D0D}.Release|Mixed Platforms.ActiveCfg = Release|Any CPU
		{1A5565D8-F0D7-4520-B501-CC2F84D73D0D}.Release|Mixed Platforms.Build.0 = Release|Any CPU
		{1A5565D8-F0D7-4520-B501-CC2F84D73D0D}.Release|x86.ActiveCfg = Release|Any CPU
		{1A5565D8-F0D7-4520-B501-CC2F84D73D0D}.Release|x86.Build.0 = Release|Any CPU
	EndGlobalSection
	GlobalSection(SolutionProperties) = preSolution
		HideSolutionNode = FALSE
	EndGlobalSection
	GlobalSection(NestedProjects) = preSolution
		{2F28AA04-316D-4C20-BF46-987D4A59691D} = {3ABC1972-9D34-43E4-A4AF-D5E461756636}
		{6CB4CDE6-4405-40E6-8BDF-5A2E9185CC04} = {3ABC1972-9D34-43E4-A4AF-D5E461756636}
		{D4580866-2273-4E9B-BE70-4FA2AB11434A} = {3ABC1972-9D34-43E4-A4AF-D5E461756636}
		{A4CFCE46-BDA8-4416-A1BB-77BD80514019} = {3ABC1972-9D34-43E4-A4AF-D5E461756636}
		{485F551D-9155-4982-B653-F8D4EAC2FCA1} = {3ABC1972-9D34-43E4-A4AF-D5E461756636}
		{57CE4156-39E1-40BB-9421-0BA4AD5149A6} = {11914E66-F911-4D8A-9521-E96485F9A0AB}
		{FAE04BC0-81CB-41C1-8B33-DDF0C6B5C318} = {11914E66-F911-4D8A-9521-E96485F9A0AB}
		{9EBEBDBA-5815-45CE-A523-1C47A47D95A6} = {3ABC1972-9D34-43E4-A4AF-D5E461756636}
		{6F5730BC-0D37-49DB-861E-7D95F8AE8EA8} = {85B7D196-FF2C-43AF-8026-7166F61C42FE}
		{BF4B912A-CE3A-4046-9590-3345D77D4CFE} = {5620CB5B-B184-4F34-B030-D26DFEAE3DDF}
		{F1A98A51-D3C4-40F4-81F5-451425F9BC38} = {5620CB5B-B184-4F34-B030-D26DFEAE3DDF}
		{1F93F34D-B41D-4D70-B49F-F8011D46F374} = {5620CB5B-B184-4F34-B030-D26DFEAE3DDF}
		{6C5AF73B-0D73-4A15-B762-BB2E889DE4AE} = {5620CB5B-B184-4F34-B030-D26DFEAE3DDF}
		{A7588527-3B7D-42AF-BA3C-3B948E94DCB7} = {5620CB5B-B184-4F34-B030-D26DFEAE3DDF}
		{8308717D-EC47-44CD-A27D-95BE5A92A36D} = {3ABC1972-9D34-43E4-A4AF-D5E461756636}
		{00E8AFF8-E4D5-4327-86F1-D03379419431} = {3ABC1972-9D34-43E4-A4AF-D5E461756636}
		{CFA6CB4D-6EBE-49FD-B6BA-6C945BB127D4} = {3ABC1972-9D34-43E4-A4AF-D5E461756636}
		{0224F99C-EA58-442A-B295-2AFE827E0AE2} = {85B7D196-FF2C-43AF-8026-7166F61C42FE}
		{28A7F756-C50D-4E56-AD3C-8C8C27711115} = {5620CB5B-B184-4F34-B030-D26DFEAE3DDF}
		{EEC08EA7-AFA7-407A-A47C-5E4F3057743A} = {5620CB5B-B184-4F34-B030-D26DFEAE3DDF}
		{A720964C-C3E0-4CB8-A81B-54A9CF7BC8DD} = {3ABC1972-9D34-43E4-A4AF-D5E461756636}
		{EF1E4708-06FD-4F41-BDFD-3083E1DA09F2} = {5620CB5B-B184-4F34-B030-D26DFEAE3DDF}
		{481472C6-2353-4825-923D-5A793495D11A} = {5620CB5B-B184-4F34-B030-D26DFEAE3DDF}
		{EF401E09-2C62-48EA-9D1B-16D7594D8D16} = {3ABC1972-9D34-43E4-A4AF-D5E461756636}
		{8AFF545B-EDEC-4D33-83EF-79979B057447} = {5620CB5B-B184-4F34-B030-D26DFEAE3DDF}
		{DD716E44-FC04-42A5-85EF-ED27536A0EDA} = {3ABC1972-9D34-43E4-A4AF-D5E461756636}
		{ADB9A3EA-6DFC-4FCA-9E30-D8A561B7A9AC} = {11914E66-F911-4D8A-9521-E96485F9A0AB}
		{AF27309F-E8BD-44A5-9EF1-7980D0C71E9E} = {5620CB5B-B184-4F34-B030-D26DFEAE3DDF}
		{1A5565D8-F0D7-4520-B501-CC2F84D73D0D} = {11914E66-F911-4D8A-9521-E96485F9A0AB}
	EndGlobalSection
	GlobalSection(ExtensibilityGlobals) = postSolution
		SolutionGuid = {7DF3C9C8-7262-4BDC-AE56-A985F3138ECE}
	EndGlobalSection
EndGlobal
