
Microsoft Visual Studio Solution File, Format Version 12.00
# Visual Studio 2012
Project("{FAE04EC0-301F-11D3-BF4B-00C04F79EFBC}") = "Database", "Library\Database\Database.csproj", "{E51E2098-C578-4637-807C-F67067A54535}"
EndProject
Project("{FAE04EC0-301F-11D3-BF4B-00C04F79EFBC}") = "PureLib", "Library\PureLib\PureLib.csproj", "{2F28AA04-316D-4C20-BF46-987D4A59691D}"
EndProject
Project("{FAE04EC0-301F-11D3-BF4B-00C04F79EFBC}") = "Remoting", "Library\Remoting\Remoting.csproj", "{A4CFCE46-BDA8-4416-A1BB-77BD80514019}"
EndProject
Project("{FAE04EC0-301F-11D3-BF4B-00C04F79EFBC}") = "RemotingGhost", "Library\RemotingGhost\RemotingGhost.csproj", "{8AF00B97-4C48-467A-B37D-E9B28BFDA365}"
EndProject
Project("{FAE04EC0-301F-11D3-BF4B-00C04F79EFBC}") = "RemotingSoul", "Library\RemotingSoul\RemotingSoul.csproj", "{8579E5DB-C699-432A-AEAF-D6050A87043C}"
EndProject
Project("{FAE04EC0-301F-11D3-BF4B-00C04F79EFBC}") = "TestSoul", "Test\TestSoul\TestSoul.csproj", "{58C2C3EC-6526-480D-BB26-91BC3C39C173}"
EndProject
Project("{2150E333-8FDC-42A3-9474-1A3956D46DE8}") = "Lib", "Lib", "{3ABC1972-9D34-43E4-A4AF-D5E461756636}"
EndProject
Project("{2150E333-8FDC-42A3-9474-1A3956D46DE8}") = "Test", "Test", "{0701FE3A-A51F-45B4-8558-2F850665323A}"
EndProject
Project("{2150E333-8FDC-42A3-9474-1A3956D46DE8}") = "Projects", "Projects", "{BC57B228-DB48-4122-90B4-8281960C0282}"
EndProject
Project("{FAE04EC0-301F-11D3-BF4B-00C04F79EFBC}") = "TestDatabase", "Test\TestDatabase\TestDatabase.csproj", "{A58D31FE-1518-4C8E-BEFB-CF0520229494}"
EndProject
Project("{FAE04EC0-301F-11D3-BF4B-00C04F79EFBC}") = "UserConsole", "Projects\TurnBasedRPG\TurnBasedRPGUserConsole\UserConsole.csproj", "{91FBBDF6-C184-4AC3-A538-06786E966DE4}"
EndProject
Project("{2150E333-8FDC-42A3-9474-1A3956D46DE8}") = "TurnBasedRPG", "TurnBasedRPG", "{3BBDC330-565A-4183-8649-30A446A288C8}"
EndProject
Project("{FAE04EC0-301F-11D3-BF4B-00C04F79EFBC}") = "User", "Projects\TurnBasedRPG\User\User.csproj", "{F10A2AF4-79D2-4335-98A3-A91AC4BEFA94}"
EndProject
Project("{FAE04EC0-301F-11D3-BF4B-00C04F79EFBC}") = "ComplexPhotonApplication", "Projects\TurnBasedRPG\ComplexPhotonApplication\ComplexPhotonApplication.csproj", "{C5F67054-C486-4EC5-864A-52F0E8528A21}"
EndProject
Project("{FAE04EC0-301F-11D3-BF4B-00C04F79EFBC}") = "Serializable", "Projects\TurnBasedRPG\Serializable\Serializable.csproj", "{30DDCAAC-8ED3-4C7F-A150-B7C32B598CBA}"
EndProject
Project("{FAE04EC0-301F-11D3-BF4B-00C04F79EFBC}") = "TestGhost", "Test\TestGhost\TestGhost.csproj", "{D028B83C-1288-4F47-AC3A-26B1BA00537D}"
EndProject
Global
	GlobalSection(SolutionConfigurationPlatforms) = preSolution
		Debug_Unity|Any CPU = Debug_Unity|Any CPU
		Debug_Unity|Mixed Platforms = Debug_Unity|Mixed Platforms
		Debug_Unity|x86 = Debug_Unity|x86
		Debug|Any CPU = Debug|Any CPU
		Debug|Mixed Platforms = Debug|Mixed Platforms
		Debug|x86 = Debug|x86
		Release|Any CPU = Release|Any CPU
		Release|Mixed Platforms = Release|Mixed Platforms
		Release|x86 = Release|x86
	EndGlobalSection
	GlobalSection(ProjectConfigurationPlatforms) = postSolution
		{E51E2098-C578-4637-807C-F67067A54535}.Debug_Unity|Any CPU.ActiveCfg = Debug_Unity|Any CPU
		{E51E2098-C578-4637-807C-F67067A54535}.Debug_Unity|Any CPU.Build.0 = Debug_Unity|Any CPU
		{E51E2098-C578-4637-807C-F67067A54535}.Debug_Unity|Mixed Platforms.ActiveCfg = Debug_Unity|Any CPU
		{E51E2098-C578-4637-807C-F67067A54535}.Debug_Unity|Mixed Platforms.Build.0 = Debug_Unity|Any CPU
		{E51E2098-C578-4637-807C-F67067A54535}.Debug_Unity|x86.ActiveCfg = Debug_Unity|Any CPU
		{E51E2098-C578-4637-807C-F67067A54535}.Debug|Any CPU.ActiveCfg = Debug|Any CPU
		{E51E2098-C578-4637-807C-F67067A54535}.Debug|Any CPU.Build.0 = Debug|Any CPU
		{E51E2098-C578-4637-807C-F67067A54535}.Debug|Mixed Platforms.ActiveCfg = Debug|Any CPU
		{E51E2098-C578-4637-807C-F67067A54535}.Debug|Mixed Platforms.Build.0 = Debug|Any CPU
		{E51E2098-C578-4637-807C-F67067A54535}.Debug|x86.ActiveCfg = Debug|Any CPU
		{E51E2098-C578-4637-807C-F67067A54535}.Release|Any CPU.ActiveCfg = Release|Any CPU
		{E51E2098-C578-4637-807C-F67067A54535}.Release|Any CPU.Build.0 = Release|Any CPU
		{E51E2098-C578-4637-807C-F67067A54535}.Release|Mixed Platforms.ActiveCfg = Release|Any CPU
		{E51E2098-C578-4637-807C-F67067A54535}.Release|Mixed Platforms.Build.0 = Release|Any CPU
		{E51E2098-C578-4637-807C-F67067A54535}.Release|x86.ActiveCfg = Release|Any CPU
		{2F28AA04-316D-4C20-BF46-987D4A59691D}.Debug_Unity|Any CPU.ActiveCfg = Debug_Unity|Any CPU
		{2F28AA04-316D-4C20-BF46-987D4A59691D}.Debug_Unity|Any CPU.Build.0 = Debug_Unity|Any CPU
		{2F28AA04-316D-4C20-BF46-987D4A59691D}.Debug_Unity|Mixed Platforms.ActiveCfg = Debug_Unity|Any CPU
		{2F28AA04-316D-4C20-BF46-987D4A59691D}.Debug_Unity|Mixed Platforms.Build.0 = Debug_Unity|Any CPU
		{2F28AA04-316D-4C20-BF46-987D4A59691D}.Debug_Unity|x86.ActiveCfg = Debug_Unity|Any CPU
		{2F28AA04-316D-4C20-BF46-987D4A59691D}.Debug|Any CPU.ActiveCfg = Debug|Any CPU
		{2F28AA04-316D-4C20-BF46-987D4A59691D}.Debug|Any CPU.Build.0 = Debug|Any CPU
		{2F28AA04-316D-4C20-BF46-987D4A59691D}.Debug|Mixed Platforms.ActiveCfg = Debug|Any CPU
		{2F28AA04-316D-4C20-BF46-987D4A59691D}.Debug|Mixed Platforms.Build.0 = Debug|Any CPU
		{2F28AA04-316D-4C20-BF46-987D4A59691D}.Debug|x86.ActiveCfg = Debug|Any CPU
		{2F28AA04-316D-4C20-BF46-987D4A59691D}.Release|Any CPU.ActiveCfg = Release|Any CPU
		{2F28AA04-316D-4C20-BF46-987D4A59691D}.Release|Any CPU.Build.0 = Release|Any CPU
		{2F28AA04-316D-4C20-BF46-987D4A59691D}.Release|Mixed Platforms.ActiveCfg = Release|Any CPU
		{2F28AA04-316D-4C20-BF46-987D4A59691D}.Release|Mixed Platforms.Build.0 = Release|Any CPU
		{2F28AA04-316D-4C20-BF46-987D4A59691D}.Release|x86.ActiveCfg = Release|Any CPU
		{A4CFCE46-BDA8-4416-A1BB-77BD80514019}.Debug_Unity|Any CPU.ActiveCfg = Debug_Unity|Any CPU
		{A4CFCE46-BDA8-4416-A1BB-77BD80514019}.Debug_Unity|Any CPU.Build.0 = Debug_Unity|Any CPU
		{A4CFCE46-BDA8-4416-A1BB-77BD80514019}.Debug_Unity|Mixed Platforms.ActiveCfg = Debug_Unity|Any CPU
		{A4CFCE46-BDA8-4416-A1BB-77BD80514019}.Debug_Unity|Mixed Platforms.Build.0 = Debug_Unity|Any CPU
		{A4CFCE46-BDA8-4416-A1BB-77BD80514019}.Debug_Unity|x86.ActiveCfg = Debug_Unity|Any CPU
		{A4CFCE46-BDA8-4416-A1BB-77BD80514019}.Debug|Any CPU.ActiveCfg = Debug|Any CPU
		{A4CFCE46-BDA8-4416-A1BB-77BD80514019}.Debug|Any CPU.Build.0 = Debug|Any CPU
		{A4CFCE46-BDA8-4416-A1BB-77BD80514019}.Debug|Mixed Platforms.ActiveCfg = Debug|Any CPU
		{A4CFCE46-BDA8-4416-A1BB-77BD80514019}.Debug|Mixed Platforms.Build.0 = Debug|Any CPU
		{A4CFCE46-BDA8-4416-A1BB-77BD80514019}.Debug|x86.ActiveCfg = Debug|Any CPU
		{A4CFCE46-BDA8-4416-A1BB-77BD80514019}.Release|Any CPU.ActiveCfg = Release|Any CPU
		{A4CFCE46-BDA8-4416-A1BB-77BD80514019}.Release|Any CPU.Build.0 = Release|Any CPU
		{A4CFCE46-BDA8-4416-A1BB-77BD80514019}.Release|Mixed Platforms.ActiveCfg = Release|Any CPU
		{A4CFCE46-BDA8-4416-A1BB-77BD80514019}.Release|Mixed Platforms.Build.0 = Release|Any CPU
		{A4CFCE46-BDA8-4416-A1BB-77BD80514019}.Release|x86.ActiveCfg = Release|Any CPU
		{8AF00B97-4C48-467A-B37D-E9B28BFDA365}.Debug_Unity|Any CPU.ActiveCfg = Debug_Unity|Any CPU
		{8AF00B97-4C48-467A-B37D-E9B28BFDA365}.Debug_Unity|Any CPU.Build.0 = Debug_Unity|Any CPU
		{8AF00B97-4C48-467A-B37D-E9B28BFDA365}.Debug_Unity|Mixed Platforms.ActiveCfg = Debug_Unity|Any CPU
		{8AF00B97-4C48-467A-B37D-E9B28BFDA365}.Debug_Unity|Mixed Platforms.Build.0 = Debug_Unity|Any CPU
		{8AF00B97-4C48-467A-B37D-E9B28BFDA365}.Debug_Unity|x86.ActiveCfg = Debug_Unity|Any CPU
		{8AF00B97-4C48-467A-B37D-E9B28BFDA365}.Debug|Any CPU.ActiveCfg = Debug|Any CPU
		{8AF00B97-4C48-467A-B37D-E9B28BFDA365}.Debug|Any CPU.Build.0 = Debug|Any CPU
		{8AF00B97-4C48-467A-B37D-E9B28BFDA365}.Debug|Mixed Platforms.ActiveCfg = Debug|Any CPU
		{8AF00B97-4C48-467A-B37D-E9B28BFDA365}.Debug|Mixed Platforms.Build.0 = Debug|Any CPU
		{8AF00B97-4C48-467A-B37D-E9B28BFDA365}.Debug|x86.ActiveCfg = Debug|Any CPU
		{8AF00B97-4C48-467A-B37D-E9B28BFDA365}.Release|Any CPU.ActiveCfg = Release|Any CPU
		{8AF00B97-4C48-467A-B37D-E9B28BFDA365}.Release|Any CPU.Build.0 = Release|Any CPU
		{8AF00B97-4C48-467A-B37D-E9B28BFDA365}.Release|Mixed Platforms.ActiveCfg = Release|Any CPU
		{8AF00B97-4C48-467A-B37D-E9B28BFDA365}.Release|Mixed Platforms.Build.0 = Release|Any CPU
		{8AF00B97-4C48-467A-B37D-E9B28BFDA365}.Release|x86.ActiveCfg = Release|Any CPU
		{8579E5DB-C699-432A-AEAF-D6050A87043C}.Debug_Unity|Any CPU.ActiveCfg = Debug_Unity|Any CPU
		{8579E5DB-C699-432A-AEAF-D6050A87043C}.Debug_Unity|Any CPU.Build.0 = Debug_Unity|Any CPU
		{8579E5DB-C699-432A-AEAF-D6050A87043C}.Debug_Unity|Mixed Platforms.ActiveCfg = Debug_Unity|Any CPU
		{8579E5DB-C699-432A-AEAF-D6050A87043C}.Debug_Unity|Mixed Platforms.Build.0 = Debug_Unity|Any CPU
		{8579E5DB-C699-432A-AEAF-D6050A87043C}.Debug_Unity|x86.ActiveCfg = Debug_Unity|Any CPU
		{8579E5DB-C699-432A-AEAF-D6050A87043C}.Debug|Any CPU.ActiveCfg = Debug|Any CPU
		{8579E5DB-C699-432A-AEAF-D6050A87043C}.Debug|Any CPU.Build.0 = Debug|Any CPU
		{8579E5DB-C699-432A-AEAF-D6050A87043C}.Debug|Mixed Platforms.ActiveCfg = Debug|Any CPU
		{8579E5DB-C699-432A-AEAF-D6050A87043C}.Debug|Mixed Platforms.Build.0 = Debug|Any CPU
		{8579E5DB-C699-432A-AEAF-D6050A87043C}.Debug|x86.ActiveCfg = Debug|Any CPU
		{8579E5DB-C699-432A-AEAF-D6050A87043C}.Release|Any CPU.ActiveCfg = Release|Any CPU
		{8579E5DB-C699-432A-AEAF-D6050A87043C}.Release|Any CPU.Build.0 = Release|Any CPU
		{8579E5DB-C699-432A-AEAF-D6050A87043C}.Release|Mixed Platforms.ActiveCfg = Release|Any CPU
		{8579E5DB-C699-432A-AEAF-D6050A87043C}.Release|Mixed Platforms.Build.0 = Release|Any CPU
		{8579E5DB-C699-432A-AEAF-D6050A87043C}.Release|x86.ActiveCfg = Release|Any CPU
		{58C2C3EC-6526-480D-BB26-91BC3C39C173}.Debug_Unity|Any CPU.ActiveCfg = Debug_Unity|Any CPU
		{58C2C3EC-6526-480D-BB26-91BC3C39C173}.Debug_Unity|Any CPU.Build.0 = Debug_Unity|Any CPU
		{58C2C3EC-6526-480D-BB26-91BC3C39C173}.Debug_Unity|Mixed Platforms.ActiveCfg = Debug_Unity|Any CPU
		{58C2C3EC-6526-480D-BB26-91BC3C39C173}.Debug_Unity|Mixed Platforms.Build.0 = Debug_Unity|Any CPU
		{58C2C3EC-6526-480D-BB26-91BC3C39C173}.Debug_Unity|x86.ActiveCfg = Debug_Unity|Any CPU
		{58C2C3EC-6526-480D-BB26-91BC3C39C173}.Debug|Any CPU.ActiveCfg = Debug|Any CPU
		{58C2C3EC-6526-480D-BB26-91BC3C39C173}.Debug|Any CPU.Build.0 = Debug|Any CPU
		{58C2C3EC-6526-480D-BB26-91BC3C39C173}.Debug|Mixed Platforms.ActiveCfg = Debug|Any CPU
		{58C2C3EC-6526-480D-BB26-91BC3C39C173}.Debug|Mixed Platforms.Build.0 = Debug|Any CPU
		{58C2C3EC-6526-480D-BB26-91BC3C39C173}.Debug|x86.ActiveCfg = Debug|Any CPU
		{58C2C3EC-6526-480D-BB26-91BC3C39C173}.Release|Any CPU.ActiveCfg = Release|Any CPU
		{58C2C3EC-6526-480D-BB26-91BC3C39C173}.Release|Any CPU.Build.0 = Release|Any CPU
		{58C2C3EC-6526-480D-BB26-91BC3C39C173}.Release|Mixed Platforms.ActiveCfg = Release|Any CPU
		{58C2C3EC-6526-480D-BB26-91BC3C39C173}.Release|Mixed Platforms.Build.0 = Release|Any CPU
		{58C2C3EC-6526-480D-BB26-91BC3C39C173}.Release|x86.ActiveCfg = Release|Any CPU
		{A58D31FE-1518-4C8E-BEFB-CF0520229494}.Debug_Unity|Any CPU.ActiveCfg = Debug_Unity|Any CPU
		{A58D31FE-1518-4C8E-BEFB-CF0520229494}.Debug_Unity|Any CPU.Build.0 = Debug_Unity|Any CPU
		{A58D31FE-1518-4C8E-BEFB-CF0520229494}.Debug_Unity|Mixed Platforms.ActiveCfg = Debug_Unity|Any CPU
		{A58D31FE-1518-4C8E-BEFB-CF0520229494}.Debug_Unity|Mixed Platforms.Build.0 = Debug_Unity|Any CPU
		{A58D31FE-1518-4C8E-BEFB-CF0520229494}.Debug_Unity|x86.ActiveCfg = Debug_Unity|Any CPU
		{A58D31FE-1518-4C8E-BEFB-CF0520229494}.Debug|Any CPU.ActiveCfg = Debug|Any CPU
		{A58D31FE-1518-4C8E-BEFB-CF0520229494}.Debug|Any CPU.Build.0 = Debug|Any CPU
		{A58D31FE-1518-4C8E-BEFB-CF0520229494}.Debug|Mixed Platforms.ActiveCfg = Debug|Any CPU
		{A58D31FE-1518-4C8E-BEFB-CF0520229494}.Debug|Mixed Platforms.Build.0 = Debug|Any CPU
		{A58D31FE-1518-4C8E-BEFB-CF0520229494}.Debug|x86.ActiveCfg = Debug|Any CPU
		{A58D31FE-1518-4C8E-BEFB-CF0520229494}.Release|Any CPU.ActiveCfg = Release|Any CPU
		{A58D31FE-1518-4C8E-BEFB-CF0520229494}.Release|Any CPU.Build.0 = Release|Any CPU
		{A58D31FE-1518-4C8E-BEFB-CF0520229494}.Release|Mixed Platforms.ActiveCfg = Release|Any CPU
		{A58D31FE-1518-4C8E-BEFB-CF0520229494}.Release|Mixed Platforms.Build.0 = Release|Any CPU
		{A58D31FE-1518-4C8E-BEFB-CF0520229494}.Release|x86.ActiveCfg = Release|Any CPU
		{91FBBDF6-C184-4AC3-A538-06786E966DE4}.Debug_Unity|Any CPU.ActiveCfg = Debug_Unity|Any CPU
		{91FBBDF6-C184-4AC3-A538-06786E966DE4}.Debug_Unity|Any CPU.Build.0 = Debug_Unity|Any CPU
		{91FBBDF6-C184-4AC3-A538-06786E966DE4}.Debug_Unity|Mixed Platforms.ActiveCfg = Debug_Unity|Any CPU
		{91FBBDF6-C184-4AC3-A538-06786E966DE4}.Debug_Unity|Mixed Platforms.Build.0 = Debug_Unity|Any CPU
		{91FBBDF6-C184-4AC3-A538-06786E966DE4}.Debug_Unity|x86.ActiveCfg = Debug_Unity|Any CPU
		{91FBBDF6-C184-4AC3-A538-06786E966DE4}.Debug|Any CPU.ActiveCfg = Debug|Any CPU
		{91FBBDF6-C184-4AC3-A538-06786E966DE4}.Debug|Any CPU.Build.0 = Debug|Any CPU
		{91FBBDF6-C184-4AC3-A538-06786E966DE4}.Debug|Mixed Platforms.ActiveCfg = Debug|Any CPU
		{91FBBDF6-C184-4AC3-A538-06786E966DE4}.Debug|Mixed Platforms.Build.0 = Debug|Any CPU
		{91FBBDF6-C184-4AC3-A538-06786E966DE4}.Debug|x86.ActiveCfg = Debug|Any CPU
		{91FBBDF6-C184-4AC3-A538-06786E966DE4}.Release|Any CPU.ActiveCfg = Release|Any CPU
		{91FBBDF6-C184-4AC3-A538-06786E966DE4}.Release|Any CPU.Build.0 = Release|Any CPU
		{91FBBDF6-C184-4AC3-A538-06786E966DE4}.Release|Mixed Platforms.ActiveCfg = Release|Any CPU
		{91FBBDF6-C184-4AC3-A538-06786E966DE4}.Release|Mixed Platforms.Build.0 = Release|Any CPU
		{91FBBDF6-C184-4AC3-A538-06786E966DE4}.Release|x86.ActiveCfg = Release|Any CPU
		{F10A2AF4-79D2-4335-98A3-A91AC4BEFA94}.Debug_Unity|Any CPU.ActiveCfg = Debug_Unity|Any CPU
		{F10A2AF4-79D2-4335-98A3-A91AC4BEFA94}.Debug_Unity|Any CPU.Build.0 = Debug_Unity|Any CPU
		{F10A2AF4-79D2-4335-98A3-A91AC4BEFA94}.Debug_Unity|Mixed Platforms.ActiveCfg = Debug_Unity|Any CPU
		{F10A2AF4-79D2-4335-98A3-A91AC4BEFA94}.Debug_Unity|Mixed Platforms.Build.0 = Debug_Unity|Any CPU
		{F10A2AF4-79D2-4335-98A3-A91AC4BEFA94}.Debug_Unity|x86.ActiveCfg = Debug_Unity|Any CPU
		{F10A2AF4-79D2-4335-98A3-A91AC4BEFA94}.Debug|Any CPU.ActiveCfg = Debug|Any CPU
		{F10A2AF4-79D2-4335-98A3-A91AC4BEFA94}.Debug|Any CPU.Build.0 = Debug|Any CPU
		{F10A2AF4-79D2-4335-98A3-A91AC4BEFA94}.Debug|Mixed Platforms.ActiveCfg = Debug|Any CPU
		{F10A2AF4-79D2-4335-98A3-A91AC4BEFA94}.Debug|Mixed Platforms.Build.0 = Debug|Any CPU
		{F10A2AF4-79D2-4335-98A3-A91AC4BEFA94}.Debug|x86.ActiveCfg = Debug|Any CPU
		{F10A2AF4-79D2-4335-98A3-A91AC4BEFA94}.Release|Any CPU.ActiveCfg = Release|Any CPU
		{F10A2AF4-79D2-4335-98A3-A91AC4BEFA94}.Release|Any CPU.Build.0 = Release|Any CPU
		{F10A2AF4-79D2-4335-98A3-A91AC4BEFA94}.Release|Mixed Platforms.ActiveCfg = Release|Any CPU
		{F10A2AF4-79D2-4335-98A3-A91AC4BEFA94}.Release|Mixed Platforms.Build.0 = Release|Any CPU
		{F10A2AF4-79D2-4335-98A3-A91AC4BEFA94}.Release|x86.ActiveCfg = Release|Any CPU
		{C5F67054-C486-4EC5-864A-52F0E8528A21}.Debug_Unity|Any CPU.ActiveCfg = Debug_Unity|Any CPU
		{C5F67054-C486-4EC5-864A-52F0E8528A21}.Debug_Unity|Any CPU.Build.0 = Debug_Unity|Any CPU
		{C5F67054-C486-4EC5-864A-52F0E8528A21}.Debug_Unity|Mixed Platforms.ActiveCfg = Debug_Unity|Any CPU
		{C5F67054-C486-4EC5-864A-52F0E8528A21}.Debug_Unity|Mixed Platforms.Build.0 = Debug_Unity|Any CPU
		{C5F67054-C486-4EC5-864A-52F0E8528A21}.Debug_Unity|x86.ActiveCfg = Debug_Unity|Any CPU
		{C5F67054-C486-4EC5-864A-52F0E8528A21}.Debug|Any CPU.ActiveCfg = Debug|Any CPU
		{C5F67054-C486-4EC5-864A-52F0E8528A21}.Debug|Any CPU.Build.0 = Debug|Any CPU
		{C5F67054-C486-4EC5-864A-52F0E8528A21}.Debug|Mixed Platforms.ActiveCfg = Debug|Any CPU
		{C5F67054-C486-4EC5-864A-52F0E8528A21}.Debug|Mixed Platforms.Build.0 = Debug|Any CPU
		{C5F67054-C486-4EC5-864A-52F0E8528A21}.Debug|x86.ActiveCfg = Debug|Any CPU
		{C5F67054-C486-4EC5-864A-52F0E8528A21}.Release|Any CPU.ActiveCfg = Release|Any CPU
		{C5F67054-C486-4EC5-864A-52F0E8528A21}.Release|Any CPU.Build.0 = Release|Any CPU
		{C5F67054-C486-4EC5-864A-52F0E8528A21}.Release|Mixed Platforms.ActiveCfg = Release|Any CPU
		{C5F67054-C486-4EC5-864A-52F0E8528A21}.Release|Mixed Platforms.Build.0 = Release|Any CPU
		{C5F67054-C486-4EC5-864A-52F0E8528A21}.Release|x86.ActiveCfg = Release|Any CPU
		{30DDCAAC-8ED3-4C7F-A150-B7C32B598CBA}.Debug_Unity|Any CPU.ActiveCfg = Debug_Unity|Any CPU
		{30DDCAAC-8ED3-4C7F-A150-B7C32B598CBA}.Debug_Unity|Any CPU.Build.0 = Debug_Unity|Any CPU
		{30DDCAAC-8ED3-4C7F-A150-B7C32B598CBA}.Debug_Unity|Mixed Platforms.ActiveCfg = Debug_Unity|Any CPU
		{30DDCAAC-8ED3-4C7F-A150-B7C32B598CBA}.Debug_Unity|Mixed Platforms.Build.0 = Debug_Unity|Any CPU
		{30DDCAAC-8ED3-4C7F-A150-B7C32B598CBA}.Debug_Unity|x86.ActiveCfg = Debug_Unity|Any CPU
		{30DDCAAC-8ED3-4C7F-A150-B7C32B598CBA}.Debug|Any CPU.ActiveCfg = Debug|Any CPU
		{30DDCAAC-8ED3-4C7F-A150-B7C32B598CBA}.Debug|Any CPU.Build.0 = Debug|Any CPU
		{30DDCAAC-8ED3-4C7F-A150-B7C32B598CBA}.Debug|Mixed Platforms.ActiveCfg = Debug|Any CPU
		{30DDCAAC-8ED3-4C7F-A150-B7C32B598CBA}.Debug|Mixed Platforms.Build.0 = Debug|Any CPU
		{30DDCAAC-8ED3-4C7F-A150-B7C32B598CBA}.Debug|x86.ActiveCfg = Debug|Any CPU
		{30DDCAAC-8ED3-4C7F-A150-B7C32B598CBA}.Release|Any CPU.ActiveCfg = Release|Any CPU
		{30DDCAAC-8ED3-4C7F-A150-B7C32B598CBA}.Release|Any CPU.Build.0 = Release|Any CPU
		{30DDCAAC-8ED3-4C7F-A150-B7C32B598CBA}.Release|Mixed Platforms.ActiveCfg = Release|Any CPU
		{30DDCAAC-8ED3-4C7F-A150-B7C32B598CBA}.Release|Mixed Platforms.Build.0 = Release|Any CPU
		{30DDCAAC-8ED3-4C7F-A150-B7C32B598CBA}.Release|x86.ActiveCfg = Release|Any CPU
		{D028B83C-1288-4F47-AC3A-26B1BA00537D}.Debug_Unity|Any CPU.ActiveCfg = Debug|Any CPU
		{D028B83C-1288-4F47-AC3A-26B1BA00537D}.Debug_Unity|Any CPU.Build.0 = Debug|Any CPU
		{D028B83C-1288-4F47-AC3A-26B1BA00537D}.Debug_Unity|Mixed Platforms.ActiveCfg = Debug|Any CPU
		{D028B83C-1288-4F47-AC3A-26B1BA00537D}.Debug_Unity|Mixed Platforms.Build.0 = Debug|Any CPU
		{D028B83C-1288-4F47-AC3A-26B1BA00537D}.Debug_Unity|x86.ActiveCfg = Debug|Any CPU
		{D028B83C-1288-4F47-AC3A-26B1BA00537D}.Debug|Any CPU.ActiveCfg = Debug|Any CPU
		{D028B83C-1288-4F47-AC3A-26B1BA00537D}.Debug|Any CPU.Build.0 = Debug|Any CPU
		{D028B83C-1288-4F47-AC3A-26B1BA00537D}.Debug|Mixed Platforms.ActiveCfg = Debug|Any CPU
		{D028B83C-1288-4F47-AC3A-26B1BA00537D}.Debug|Mixed Platforms.Build.0 = Debug|Any CPU
		{D028B83C-1288-4F47-AC3A-26B1BA00537D}.Debug|x86.ActiveCfg = Debug|Any CPU
		{D028B83C-1288-4F47-AC3A-26B1BA00537D}.Release|Any CPU.ActiveCfg = Release|Any CPU
		{D028B83C-1288-4F47-AC3A-26B1BA00537D}.Release|Any CPU.Build.0 = Release|Any CPU
		{D028B83C-1288-4F47-AC3A-26B1BA00537D}.Release|Mixed Platforms.ActiveCfg = Release|Any CPU
		{D028B83C-1288-4F47-AC3A-26B1BA00537D}.Release|Mixed Platforms.Build.0 = Release|Any CPU
		{D028B83C-1288-4F47-AC3A-26B1BA00537D}.Release|x86.ActiveCfg = Release|Any CPU
	EndGlobalSection
	GlobalSection(SolutionProperties) = preSolution
		HideSolutionNode = FALSE
	EndGlobalSection
	GlobalSection(NestedProjects) = preSolution
		{2F28AA04-316D-4C20-BF46-987D4A59691D} = {3ABC1972-9D34-43E4-A4AF-D5E461756636}
		{A4CFCE46-BDA8-4416-A1BB-77BD80514019} = {3ABC1972-9D34-43E4-A4AF-D5E461756636}
		{8AF00B97-4C48-467A-B37D-E9B28BFDA365} = {3ABC1972-9D34-43E4-A4AF-D5E461756636}
		{8579E5DB-C699-432A-AEAF-D6050A87043C} = {3ABC1972-9D34-43E4-A4AF-D5E461756636}
		{E51E2098-C578-4637-807C-F67067A54535} = {3ABC1972-9D34-43E4-A4AF-D5E461756636}
		{58C2C3EC-6526-480D-BB26-91BC3C39C173} = {0701FE3A-A51F-45B4-8558-2F850665323A}
		{A58D31FE-1518-4C8E-BEFB-CF0520229494} = {0701FE3A-A51F-45B4-8558-2F850665323A}
		{D028B83C-1288-4F47-AC3A-26B1BA00537D} = {0701FE3A-A51F-45B4-8558-2F850665323A}
		{3BBDC330-565A-4183-8649-30A446A288C8} = {BC57B228-DB48-4122-90B4-8281960C0282}
		{91FBBDF6-C184-4AC3-A538-06786E966DE4} = {3BBDC330-565A-4183-8649-30A446A288C8}
		{F10A2AF4-79D2-4335-98A3-A91AC4BEFA94} = {3BBDC330-565A-4183-8649-30A446A288C8}
		{C5F67054-C486-4EC5-864A-52F0E8528A21} = {3BBDC330-565A-4183-8649-30A446A288C8}
		{30DDCAAC-8ED3-4C7F-A150-B7C32B598CBA} = {3BBDC330-565A-4183-8649-30A446A288C8}
	EndGlobalSection
EndGlobal
